// !$*UTF8*$!
{
	archiveVersion = 1;
	classes = {
	};
	objectVersion = 51;
	objects = {

/* Begin PBXBuildFile section */
		263B198E27251C8C00D3B1C7 /* CommentVC.swift in Sources */ = {isa = PBXBuildFile; fileRef = 263B198D27251C8C00D3B1C7 /* CommentVC.swift */; };
		263B199127251D0E00D3B1C7 /* FeedTblCell.swift in Sources */ = {isa = PBXBuildFile; fileRef = 263B199027251D0E00D3B1C7 /* FeedTblCell.swift */; };
		263B19932725249B00D3B1C7 /* LikesVC.swift in Sources */ = {isa = PBXBuildFile; fileRef = 263B19922725249B00D3B1C7 /* LikesVC.swift */; };
		263B1995272533D300D3B1C7 /* SettingView.swift in Sources */ = {isa = PBXBuildFile; fileRef = 263B1994272533D300D3B1C7 /* SettingView.swift */; };
		267A210A2721C2950092A162 /* PremiumPlanVC.swift in Sources */ = {isa = PBXBuildFile; fileRef = 267A20E22721C2950092A162 /* PremiumPlanVC.swift */; };
		267A210B2721C2950092A162 /* OtherProfileVC.swift in Sources */ = {isa = PBXBuildFile; fileRef = 267A20E32721C2950092A162 /* OtherProfileVC.swift */; };
		267A210C2721C2950092A162 /* MatchVC.swift in Sources */ = {isa = PBXBuildFile; fileRef = 267A20E42721C2950092A162 /* MatchVC.swift */; };
		267A210D2721C2950092A162 /* FullImageVC.swift in Sources */ = {isa = PBXBuildFile; fileRef = 267A20E52721C2950092A162 /* FullImageVC.swift */; };
		267A210E2721C2950092A162 /* HomeVC.swift in Sources */ = {isa = PBXBuildFile; fileRef = 267A20E62721C2950092A162 /* HomeVC.swift */; };
		267A210F2721C2950092A162 /* PaymentVC.swift in Sources */ = {isa = PBXBuildFile; fileRef = 267A20E72721C2950092A162 /* PaymentVC.swift */; };
		267A21102721C2950092A162 /* SubscriptionTypeVC.swift in Sources */ = {isa = PBXBuildFile; fileRef = 267A20E82721C2950092A162 /* SubscriptionTypeVC.swift */; };
		267A21112721C2950092A162 /* CoupleCaresTabbar.swift in Sources */ = {isa = PBXBuildFile; fileRef = 267A20E92721C2950092A162 /* CoupleCaresTabbar.swift */; };
		267A21122721C2950092A162 /* MessageListVC.swift in Sources */ = {isa = PBXBuildFile; fileRef = 267A20EB2721C2950092A162 /* MessageListVC.swift */; };
		267A21132721C2950092A162 /* ChatVC.swift in Sources */ = {isa = PBXBuildFile; fileRef = 267A20EC2721C2950092A162 /* ChatVC.swift */; };
		267A21142721C2950092A162 /* LikesTopPickVC.swift in Sources */ = {isa = PBXBuildFile; fileRef = 267A20EE2721C2950092A162 /* LikesTopPickVC.swift */; };
		267A21152721C2950092A162 /* FeedVC.swift in Sources */ = {isa = PBXBuildFile; fileRef = 267A20F02721C2950092A162 /* FeedVC.swift */; };
		267A21162721C2950092A162 /* CreatePostVC.swift in Sources */ = {isa = PBXBuildFile; fileRef = 267A20F12721C2950092A162 /* CreatePostVC.swift */; };
		267A21172721C2950092A162 /* ProfileVC.swift in Sources */ = {isa = PBXBuildFile; fileRef = 267A20F32721C2950092A162 /* ProfileVC.swift */; };
		267A21182721C2950092A162 /* ContactUsVC.swift in Sources */ = {isa = PBXBuildFile; fileRef = 267A20F42721C2950092A162 /* ContactUsVC.swift */; };
		267A21192721C2950092A162 /* SettingView.xib in Resources */ = {isa = PBXBuildFile; fileRef = 267A20F62721C2950092A162 /* SettingView.xib */; };
		267A211A2721C2950092A162 /* BlockedContactVC.swift in Sources */ = {isa = PBXBuildFile; fileRef = 267A20F72721C2950092A162 /* BlockedContactVC.swift */; };
		267A211B2721C2950092A162 /* EditProfileVC.swift in Sources */ = {isa = PBXBuildFile; fileRef = 267A20F82721C2950092A162 /* EditProfileVC.swift */; };
		267A211C2721C2950092A162 /* ProfileCell.swift in Sources */ = {isa = PBXBuildFile; fileRef = 267A20FA2721C2950092A162 /* ProfileCell.swift */; };
		267A211D2721C2950092A162 /* FullProfileVC.swift in Sources */ = {isa = PBXBuildFile; fileRef = 267A20FB2721C2950092A162 /* FullProfileVC.swift */; };
		267A211E2721C2950092A162 /* ProfileSettingVC.swift in Sources */ = {isa = PBXBuildFile; fileRef = 267A20FC2721C2950092A162 /* ProfileSettingVC.swift */; };
		267A211F2721C2950092A162 /* DeleteAccVC.swift in Sources */ = {isa = PBXBuildFile; fileRef = 267A20FD2721C2950092A162 /* DeleteAccVC.swift */; };
		267A21202721C2950092A162 /* PhotoVC.swift in Sources */ = {isa = PBXBuildFile; fileRef = 267A20FF2721C2950092A162 /* PhotoVC.swift */; };
		267A21212721C2950092A162 /* OTPVC.swift in Sources */ = {isa = PBXBuildFile; fileRef = 267A21002721C2950092A162 /* OTPVC.swift */; };
		267A21222721C2950092A162 /* LoginVC.swift in Sources */ = {isa = PBXBuildFile; fileRef = 267A21012721C2950092A162 /* LoginVC.swift */; };
		267A21232721C2950092A162 /* LocationVC.swift in Sources */ = {isa = PBXBuildFile; fileRef = 267A21022721C2950092A162 /* LocationVC.swift */; };
		267A21242721C2950092A162 /* InterestsVC.swift in Sources */ = {isa = PBXBuildFile; fileRef = 267A21032721C2950092A162 /* InterestsVC.swift */; };
		267A21252721C2950092A162 /* InterestClcCell.swift in Sources */ = {isa = PBXBuildFile; fileRef = 267A21052721C2950092A162 /* InterestClcCell.swift */; };
		267A21262721C2950092A162 /* GenderVC.swift in Sources */ = {isa = PBXBuildFile; fileRef = 267A21062721C2950092A162 /* GenderVC.swift */; };
		267A21272721C2950092A162 /* MobileNumVC.swift in Sources */ = {isa = PBXBuildFile; fileRef = 267A21072721C2950092A162 /* MobileNumVC.swift */; };
		267A21282721C2950092A162 /* BirthdayVC.swift in Sources */ = {isa = PBXBuildFile; fileRef = 267A21082721C2950092A162 /* BirthdayVC.swift */; };
		267A21292721C2950092A162 /* NameVC.swift in Sources */ = {isa = PBXBuildFile; fileRef = 267A21092721C2950092A162 /* NameVC.swift */; };
		267A21582721C2A60092A162 /* Lato-HeavyItalic.ttf in Resources */ = {isa = PBXBuildFile; fileRef = 267A212B2721C2A50092A162 /* Lato-HeavyItalic.ttf */; };
		267A21592721C2A60092A162 /* Lato-Italic.ttf in Resources */ = {isa = PBXBuildFile; fileRef = 267A212C2721C2A50092A162 /* Lato-Italic.ttf */; };
		267A215A2721C2A60092A162 /* Lato-LightItalic.ttf in Resources */ = {isa = PBXBuildFile; fileRef = 267A212D2721C2A50092A162 /* Lato-LightItalic.ttf */; };
		267A215B2721C2A60092A162 /* Lato-Thin.ttf in Resources */ = {isa = PBXBuildFile; fileRef = 267A212E2721C2A50092A162 /* Lato-Thin.ttf */; };
		267A215C2721C2A60092A162 /* Lato-Bold.ttf in Resources */ = {isa = PBXBuildFile; fileRef = 267A212F2721C2A50092A162 /* Lato-Bold.ttf */; };
		267A215D2721C2A60092A162 /* Lato-Black.ttf in Resources */ = {isa = PBXBuildFile; fileRef = 267A21302721C2A50092A162 /* Lato-Black.ttf */; };
		267A215E2721C2A60092A162 /* Lato-SemiboldItalic.ttf in Resources */ = {isa = PBXBuildFile; fileRef = 267A21312721C2A50092A162 /* Lato-SemiboldItalic.ttf */; };
		267A215F2721C2A60092A162 /* Lato-HairlineItalic.ttf in Resources */ = {isa = PBXBuildFile; fileRef = 267A21322721C2A50092A162 /* Lato-HairlineItalic.ttf */; };
		267A21602721C2A60092A162 /* Lato-Regular.ttf in Resources */ = {isa = PBXBuildFile; fileRef = 267A21332721C2A50092A162 /* Lato-Regular.ttf */; };
		267A21612721C2A60092A162 /* Lato-Hairline.ttf in Resources */ = {isa = PBXBuildFile; fileRef = 267A21342721C2A50092A162 /* Lato-Hairline.ttf */; };
		267A21622721C2A60092A162 /* Lato-BlackItalic.ttf in Resources */ = {isa = PBXBuildFile; fileRef = 267A21352721C2A50092A162 /* Lato-BlackItalic.ttf */; };
		267A21632721C2A60092A162 /* Lato-Semibold.ttf in Resources */ = {isa = PBXBuildFile; fileRef = 267A21362721C2A50092A162 /* Lato-Semibold.ttf */; };
		267A21642721C2A60092A162 /* Lato-MediumItalic.ttf in Resources */ = {isa = PBXBuildFile; fileRef = 267A21372721C2A50092A162 /* Lato-MediumItalic.ttf */; };
		267A21652721C2A60092A162 /* Lato-Heavy.ttf in Resources */ = {isa = PBXBuildFile; fileRef = 267A21382721C2A50092A162 /* Lato-Heavy.ttf */; };
		267A21662721C2A60092A162 /* Lato-BoldItalic.ttf in Resources */ = {isa = PBXBuildFile; fileRef = 267A21392721C2A50092A162 /* Lato-BoldItalic.ttf */; };
		267A21672721C2A60092A162 /* Lato-Light.ttf in Resources */ = {isa = PBXBuildFile; fileRef = 267A213A2721C2A50092A162 /* Lato-Light.ttf */; };
		267A21682721C2A60092A162 /* Lato-Medium.ttf in Resources */ = {isa = PBXBuildFile; fileRef = 267A213B2721C2A50092A162 /* Lato-Medium.ttf */; };
		267A21692721C2A60092A162 /* Lato-ThinItalic.ttf in Resources */ = {isa = PBXBuildFile; fileRef = 267A213C2721C2A50092A162 /* Lato-ThinItalic.ttf */; };
		267A216A2721C2A60092A162 /* CoupleCareTabBar.storyboard in Resources */ = {isa = PBXBuildFile; fileRef = 267A213E2721C2A50092A162 /* CoupleCareTabBar.storyboard */; };
		267A216B2721C2A60092A162 /* Profile.storyboard in Resources */ = {isa = PBXBuildFile; fileRef = 267A213F2721C2A50092A162 /* Profile.storyboard */; };
		267A216C2721C2A60092A162 /* Feed.storyboard in Resources */ = {isa = PBXBuildFile; fileRef = 267A21402721C2A50092A162 /* Feed.storyboard */; };
		267A216D2721C2A60092A162 /* Home.storyboard in Resources */ = {isa = PBXBuildFile; fileRef = 267A21412721C2A50092A162 /* Home.storyboard */; };
		267A216E2721C2A60092A162 /* Main.storyboard in Resources */ = {isa = PBXBuildFile; fileRef = 267A21422721C2A50092A162 /* Main.storyboard */; };
		267A216F2721C2A60092A162 /* LikesTopPick.storyboard in Resources */ = {isa = PBXBuildFile; fileRef = 267A21442721C2A50092A162 /* LikesTopPick.storyboard */; };
		267A21702721C2A60092A162 /* Message.storyboard in Resources */ = {isa = PBXBuildFile; fileRef = 267A21452721C2A50092A162 /* Message.storyboard */; };
		267A21712721C2A60092A162 /* ImageCustom.swift in Sources */ = {isa = PBXBuildFile; fileRef = 267A21472721C2A50092A162 /* ImageCustom.swift */; };
		267A21722721C2A60092A162 /* ViewCustom.swift in Sources */ = {isa = PBXBuildFile; fileRef = 267A21482721C2A50092A162 /* ViewCustom.swift */; };
		267A21732721C2A60092A162 /* LabelCustom.swift in Sources */ = {isa = PBXBuildFile; fileRef = 267A21492721C2A50092A162 /* LabelCustom.swift */; };
		267A21742721C2A60092A162 /* DownloadCircularProgessView.swift in Sources */ = {isa = PBXBuildFile; fileRef = 267A214A2721C2A50092A162 /* DownloadCircularProgessView.swift */; };
		267A21752721C2A60092A162 /* TextFieldCustom.swift in Sources */ = {isa = PBXBuildFile; fileRef = 267A214B2721C2A50092A162 /* TextFieldCustom.swift */; };
		267A21762721C2A60092A162 /* CustomPageControlView.swift in Sources */ = {isa = PBXBuildFile; fileRef = 267A214C2721C2A50092A162 /* CustomPageControlView.swift */; };
		267A21772721C2A60092A162 /* ButtonCustom.swift in Sources */ = {isa = PBXBuildFile; fileRef = 267A214D2721C2A50092A162 /* ButtonCustom.swift */; };
		267A21782721C2A60092A162 /* Assets.xcassets in Resources */ = {isa = PBXBuildFile; fileRef = 267A214E2721C2A60092A162 /* Assets.xcassets */; };
		267A21792721C2A60092A162 /* LaunchScreen.storyboard in Resources */ = {isa = PBXBuildFile; fileRef = 267A214F2721C2A60092A162 /* LaunchScreen.storyboard */; };
		267A217A2721C2A60092A162 /* TinderCardContentView.swift in Sources */ = {isa = PBXBuildFile; fileRef = 267A21522721C2A60092A162 /* TinderCardContentView.swift */; };
		267A217B2721C2A60092A162 /* TinderCardModel.swift in Sources */ = {isa = PBXBuildFile; fileRef = 267A21532721C2A60092A162 /* TinderCardModel.swift */; };
		267A217C2721C2A60092A162 /* TinderCardFooterView.swift in Sources */ = {isa = PBXBuildFile; fileRef = 267A21542721C2A60092A162 /* TinderCardFooterView.swift */; };
		267A217D2721C2A60092A162 /* TinderCardOverlay.swift in Sources */ = {isa = PBXBuildFile; fileRef = 267A21552721C2A60092A162 /* TinderCardOverlay.swift */; };
		267A217E2721C2A60092A162 /* UtilityManager.swift in Sources */ = {isa = PBXBuildFile; fileRef = 267A21562721C2A60092A162 /* UtilityManager.swift */; };
		267A217F2721C2A60092A162 /* Extension.swift in Sources */ = {isa = PBXBuildFile; fileRef = 267A21572721C2A60092A162 /* Extension.swift */; };
		6C302FEA2721AD1E009A37CB /* AppDelegate.swift in Sources */ = {isa = PBXBuildFile; fileRef = 6C302FE92721AD1E009A37CB /* AppDelegate.swift */; };
		6C302FEC2721AD1E009A37CB /* SceneDelegate.swift in Sources */ = {isa = PBXBuildFile; fileRef = 6C302FEB2721AD1E009A37CB /* SceneDelegate.swift */; };
		6C302FEE2721AD1E009A37CB /* ViewController.swift in Sources */ = {isa = PBXBuildFile; fileRef = 6C302FED2721AD1E009A37CB /* ViewController.swift */; };
		6C3030012721AD1F009A37CB /* CoupleCareTests.swift in Sources */ = {isa = PBXBuildFile; fileRef = 6C3030002721AD1F009A37CB /* CoupleCareTests.swift */; };
		6C30300C2721AD1F009A37CB /* CoupleCareUITests.swift in Sources */ = {isa = PBXBuildFile; fileRef = 6C30300B2721AD1F009A37CB /* CoupleCareUITests.swift */; };
		7D0AD345EC767B7BE443EEDB /* Pods_CoupleCareTests.framework in Frameworks */ = {isa = PBXBuildFile; fileRef = FED0ED892A260D7F6EAE6C10 /* Pods_CoupleCareTests.framework */; };
		DA753438120DA8FDF5746130 /* Pods_CoupleCare_CoupleCareUITests.framework in Frameworks */ = {isa = PBXBuildFile; fileRef = 8A5F48EC72E05C580A0A1086 /* Pods_CoupleCare_CoupleCareUITests.framework */; };
		EBF31DD5B36954EDA75E6204 /* Pods_CoupleCare.framework in Frameworks */ = {isa = PBXBuildFile; fileRef = F952C26093DC8A58698F1C61 /* Pods_CoupleCare.framework */; };
/* End PBXBuildFile section */

/* Begin PBXContainerItemProxy section */
		6C302FFD2721AD1F009A37CB /* PBXContainerItemProxy */ = {
			isa = PBXContainerItemProxy;
			containerPortal = 6C302FDE2721AD1E009A37CB /* Project object */;
			proxyType = 1;
			remoteGlobalIDString = 6C302FE52721AD1E009A37CB;
			remoteInfo = CoupleCare;
		};
		6C3030082721AD1F009A37CB /* PBXContainerItemProxy */ = {
			isa = PBXContainerItemProxy;
			containerPortal = 6C302FDE2721AD1E009A37CB /* Project object */;
			proxyType = 1;
			remoteGlobalIDString = 6C302FE52721AD1E009A37CB;
			remoteInfo = CoupleCare;
		};
/* End PBXContainerItemProxy section */

/* Begin PBXFileReference section */
		263B198D27251C8C00D3B1C7 /* CommentVC.swift */ = {isa = PBXFileReference; lastKnownFileType = sourcecode.swift; path = CommentVC.swift; sourceTree = "<group>"; };
		263B199027251D0E00D3B1C7 /* FeedTblCell.swift */ = {isa = PBXFileReference; lastKnownFileType = sourcecode.swift; path = FeedTblCell.swift; sourceTree = "<group>"; };
		263B19922725249B00D3B1C7 /* LikesVC.swift */ = {isa = PBXFileReference; lastKnownFileType = sourcecode.swift; path = LikesVC.swift; sourceTree = "<group>"; };
		263B1994272533D300D3B1C7 /* SettingView.swift */ = {isa = PBXFileReference; lastKnownFileType = sourcecode.swift; path = SettingView.swift; sourceTree = "<group>"; };
		267A20E22721C2950092A162 /* PremiumPlanVC.swift */ = {isa = PBXFileReference; fileEncoding = 4; lastKnownFileType = sourcecode.swift; path = PremiumPlanVC.swift; sourceTree = "<group>"; };
		267A20E32721C2950092A162 /* OtherProfileVC.swift */ = {isa = PBXFileReference; fileEncoding = 4; lastKnownFileType = sourcecode.swift; path = OtherProfileVC.swift; sourceTree = "<group>"; };
		267A20E42721C2950092A162 /* MatchVC.swift */ = {isa = PBXFileReference; fileEncoding = 4; lastKnownFileType = sourcecode.swift; path = MatchVC.swift; sourceTree = "<group>"; };
		267A20E52721C2950092A162 /* FullImageVC.swift */ = {isa = PBXFileReference; fileEncoding = 4; lastKnownFileType = sourcecode.swift; path = FullImageVC.swift; sourceTree = "<group>"; };
		267A20E62721C2950092A162 /* HomeVC.swift */ = {isa = PBXFileReference; fileEncoding = 4; lastKnownFileType = sourcecode.swift; path = HomeVC.swift; sourceTree = "<group>"; };
		267A20E72721C2950092A162 /* PaymentVC.swift */ = {isa = PBXFileReference; fileEncoding = 4; lastKnownFileType = sourcecode.swift; path = PaymentVC.swift; sourceTree = "<group>"; };
		267A20E82721C2950092A162 /* SubscriptionTypeVC.swift */ = {isa = PBXFileReference; fileEncoding = 4; lastKnownFileType = sourcecode.swift; path = SubscriptionTypeVC.swift; sourceTree = "<group>"; };
		267A20E92721C2950092A162 /* CoupleCaresTabbar.swift */ = {isa = PBXFileReference; fileEncoding = 4; lastKnownFileType = sourcecode.swift; path = CoupleCaresTabbar.swift; sourceTree = "<group>"; };
		267A20EB2721C2950092A162 /* MessageListVC.swift */ = {isa = PBXFileReference; fileEncoding = 4; lastKnownFileType = sourcecode.swift; path = MessageListVC.swift; sourceTree = "<group>"; };
		267A20EC2721C2950092A162 /* ChatVC.swift */ = {isa = PBXFileReference; fileEncoding = 4; lastKnownFileType = sourcecode.swift; path = ChatVC.swift; sourceTree = "<group>"; };
		267A20EE2721C2950092A162 /* LikesTopPickVC.swift */ = {isa = PBXFileReference; fileEncoding = 4; lastKnownFileType = sourcecode.swift; path = LikesTopPickVC.swift; sourceTree = "<group>"; };
		267A20F02721C2950092A162 /* FeedVC.swift */ = {isa = PBXFileReference; fileEncoding = 4; lastKnownFileType = sourcecode.swift; path = FeedVC.swift; sourceTree = "<group>"; };
		267A20F12721C2950092A162 /* CreatePostVC.swift */ = {isa = PBXFileReference; fileEncoding = 4; lastKnownFileType = sourcecode.swift; path = CreatePostVC.swift; sourceTree = "<group>"; };
		267A20F32721C2950092A162 /* ProfileVC.swift */ = {isa = PBXFileReference; fileEncoding = 4; lastKnownFileType = sourcecode.swift; path = ProfileVC.swift; sourceTree = "<group>"; };
		267A20F42721C2950092A162 /* ContactUsVC.swift */ = {isa = PBXFileReference; fileEncoding = 4; lastKnownFileType = sourcecode.swift; path = ContactUsVC.swift; sourceTree = "<group>"; };
		267A20F62721C2950092A162 /* SettingView.xib */ = {isa = PBXFileReference; fileEncoding = 4; lastKnownFileType = file.xib; path = SettingView.xib; sourceTree = "<group>"; };
		267A20F72721C2950092A162 /* BlockedContactVC.swift */ = {isa = PBXFileReference; fileEncoding = 4; lastKnownFileType = sourcecode.swift; path = BlockedContactVC.swift; sourceTree = "<group>"; };
		267A20F82721C2950092A162 /* EditProfileVC.swift */ = {isa = PBXFileReference; fileEncoding = 4; lastKnownFileType = sourcecode.swift; path = EditProfileVC.swift; sourceTree = "<group>"; };
		267A20FA2721C2950092A162 /* ProfileCell.swift */ = {isa = PBXFileReference; fileEncoding = 4; lastKnownFileType = sourcecode.swift; path = ProfileCell.swift; sourceTree = "<group>"; };
		267A20FB2721C2950092A162 /* FullProfileVC.swift */ = {isa = PBXFileReference; fileEncoding = 4; lastKnownFileType = sourcecode.swift; path = FullProfileVC.swift; sourceTree = "<group>"; };
		267A20FC2721C2950092A162 /* ProfileSettingVC.swift */ = {isa = PBXFileReference; fileEncoding = 4; lastKnownFileType = sourcecode.swift; path = ProfileSettingVC.swift; sourceTree = "<group>"; };
		267A20FD2721C2950092A162 /* DeleteAccVC.swift */ = {isa = PBXFileReference; fileEncoding = 4; lastKnownFileType = sourcecode.swift; path = DeleteAccVC.swift; sourceTree = "<group>"; };
		267A20FF2721C2950092A162 /* PhotoVC.swift */ = {isa = PBXFileReference; fileEncoding = 4; lastKnownFileType = sourcecode.swift; path = PhotoVC.swift; sourceTree = "<group>"; };
		267A21002721C2950092A162 /* OTPVC.swift */ = {isa = PBXFileReference; fileEncoding = 4; lastKnownFileType = sourcecode.swift; path = OTPVC.swift; sourceTree = "<group>"; };
		267A21012721C2950092A162 /* LoginVC.swift */ = {isa = PBXFileReference; fileEncoding = 4; lastKnownFileType = sourcecode.swift; path = LoginVC.swift; sourceTree = "<group>"; };
		267A21022721C2950092A162 /* LocationVC.swift */ = {isa = PBXFileReference; fileEncoding = 4; lastKnownFileType = sourcecode.swift; path = LocationVC.swift; sourceTree = "<group>"; };
		267A21032721C2950092A162 /* InterestsVC.swift */ = {isa = PBXFileReference; fileEncoding = 4; lastKnownFileType = sourcecode.swift; path = InterestsVC.swift; sourceTree = "<group>"; };
		267A21052721C2950092A162 /* InterestClcCell.swift */ = {isa = PBXFileReference; fileEncoding = 4; lastKnownFileType = sourcecode.swift; path = InterestClcCell.swift; sourceTree = "<group>"; };
		267A21062721C2950092A162 /* GenderVC.swift */ = {isa = PBXFileReference; fileEncoding = 4; lastKnownFileType = sourcecode.swift; path = GenderVC.swift; sourceTree = "<group>"; };
		267A21072721C2950092A162 /* MobileNumVC.swift */ = {isa = PBXFileReference; fileEncoding = 4; lastKnownFileType = sourcecode.swift; path = MobileNumVC.swift; sourceTree = "<group>"; };
		267A21082721C2950092A162 /* BirthdayVC.swift */ = {isa = PBXFileReference; fileEncoding = 4; lastKnownFileType = sourcecode.swift; path = BirthdayVC.swift; sourceTree = "<group>"; };
		267A21092721C2950092A162 /* NameVC.swift */ = {isa = PBXFileReference; fileEncoding = 4; lastKnownFileType = sourcecode.swift; path = NameVC.swift; sourceTree = "<group>"; };
		267A212B2721C2A50092A162 /* Lato-HeavyItalic.ttf */ = {isa = PBXFileReference; lastKnownFileType = file; path = "Lato-HeavyItalic.ttf"; sourceTree = "<group>"; };
		267A212C2721C2A50092A162 /* Lato-Italic.ttf */ = {isa = PBXFileReference; lastKnownFileType = file; path = "Lato-Italic.ttf"; sourceTree = "<group>"; };
		267A212D2721C2A50092A162 /* Lato-LightItalic.ttf */ = {isa = PBXFileReference; lastKnownFileType = file; path = "Lato-LightItalic.ttf"; sourceTree = "<group>"; };
		267A212E2721C2A50092A162 /* Lato-Thin.ttf */ = {isa = PBXFileReference; lastKnownFileType = file; path = "Lato-Thin.ttf"; sourceTree = "<group>"; };
		267A212F2721C2A50092A162 /* Lato-Bold.ttf */ = {isa = PBXFileReference; lastKnownFileType = file; path = "Lato-Bold.ttf"; sourceTree = "<group>"; };
		267A21302721C2A50092A162 /* Lato-Black.ttf */ = {isa = PBXFileReference; lastKnownFileType = file; path = "Lato-Black.ttf"; sourceTree = "<group>"; };
		267A21312721C2A50092A162 /* Lato-SemiboldItalic.ttf */ = {isa = PBXFileReference; lastKnownFileType = file; path = "Lato-SemiboldItalic.ttf"; sourceTree = "<group>"; };
		267A21322721C2A50092A162 /* Lato-HairlineItalic.ttf */ = {isa = PBXFileReference; lastKnownFileType = file; path = "Lato-HairlineItalic.ttf"; sourceTree = "<group>"; };
		267A21332721C2A50092A162 /* Lato-Regular.ttf */ = {isa = PBXFileReference; lastKnownFileType = file; path = "Lato-Regular.ttf"; sourceTree = "<group>"; };
		267A21342721C2A50092A162 /* Lato-Hairline.ttf */ = {isa = PBXFileReference; lastKnownFileType = file; path = "Lato-Hairline.ttf"; sourceTree = "<group>"; };
		267A21352721C2A50092A162 /* Lato-BlackItalic.ttf */ = {isa = PBXFileReference; lastKnownFileType = file; path = "Lato-BlackItalic.ttf"; sourceTree = "<group>"; };
		267A21362721C2A50092A162 /* Lato-Semibold.ttf */ = {isa = PBXFileReference; lastKnownFileType = file; path = "Lato-Semibold.ttf"; sourceTree = "<group>"; };
		267A21372721C2A50092A162 /* Lato-MediumItalic.ttf */ = {isa = PBXFileReference; lastKnownFileType = file; path = "Lato-MediumItalic.ttf"; sourceTree = "<group>"; };
		267A21382721C2A50092A162 /* Lato-Heavy.ttf */ = {isa = PBXFileReference; lastKnownFileType = file; path = "Lato-Heavy.ttf"; sourceTree = "<group>"; };
		267A21392721C2A50092A162 /* Lato-BoldItalic.ttf */ = {isa = PBXFileReference; lastKnownFileType = file; path = "Lato-BoldItalic.ttf"; sourceTree = "<group>"; };
		267A213A2721C2A50092A162 /* Lato-Light.ttf */ = {isa = PBXFileReference; lastKnownFileType = file; path = "Lato-Light.ttf"; sourceTree = "<group>"; };
		267A213B2721C2A50092A162 /* Lato-Medium.ttf */ = {isa = PBXFileReference; lastKnownFileType = file; path = "Lato-Medium.ttf"; sourceTree = "<group>"; };
		267A213C2721C2A50092A162 /* Lato-ThinItalic.ttf */ = {isa = PBXFileReference; lastKnownFileType = file; path = "Lato-ThinItalic.ttf"; sourceTree = "<group>"; };
		267A213E2721C2A50092A162 /* CoupleCareTabBar.storyboard */ = {isa = PBXFileReference; fileEncoding = 4; lastKnownFileType = file.storyboard; path = CoupleCareTabBar.storyboard; sourceTree = "<group>"; };
		267A213F2721C2A50092A162 /* Profile.storyboard */ = {isa = PBXFileReference; fileEncoding = 4; lastKnownFileType = file.storyboard; path = Profile.storyboard; sourceTree = "<group>"; };
		267A21402721C2A50092A162 /* Feed.storyboard */ = {isa = PBXFileReference; fileEncoding = 4; lastKnownFileType = file.storyboard; path = Feed.storyboard; sourceTree = "<group>"; };
		267A21412721C2A50092A162 /* Home.storyboard */ = {isa = PBXFileReference; fileEncoding = 4; lastKnownFileType = file.storyboard; path = Home.storyboard; sourceTree = "<group>"; };
		267A21432721C2A50092A162 /* Base */ = {isa = PBXFileReference; lastKnownFileType = file.storyboard; name = Base; path = Base.lproj/Main.storyboard; sourceTree = "<group>"; };
		267A21442721C2A50092A162 /* LikesTopPick.storyboard */ = {isa = PBXFileReference; fileEncoding = 4; lastKnownFileType = file.storyboard; path = LikesTopPick.storyboard; sourceTree = "<group>"; };
		267A21452721C2A50092A162 /* Message.storyboard */ = {isa = PBXFileReference; fileEncoding = 4; lastKnownFileType = file.storyboard; path = Message.storyboard; sourceTree = "<group>"; };
		267A21472721C2A50092A162 /* ImageCustom.swift */ = {isa = PBXFileReference; fileEncoding = 4; lastKnownFileType = sourcecode.swift; path = ImageCustom.swift; sourceTree = "<group>"; };
		267A21482721C2A50092A162 /* ViewCustom.swift */ = {isa = PBXFileReference; fileEncoding = 4; lastKnownFileType = sourcecode.swift; path = ViewCustom.swift; sourceTree = "<group>"; };
		267A21492721C2A50092A162 /* LabelCustom.swift */ = {isa = PBXFileReference; fileEncoding = 4; lastKnownFileType = sourcecode.swift; path = LabelCustom.swift; sourceTree = "<group>"; };
		267A214A2721C2A50092A162 /* DownloadCircularProgessView.swift */ = {isa = PBXFileReference; fileEncoding = 4; lastKnownFileType = sourcecode.swift; path = DownloadCircularProgessView.swift; sourceTree = "<group>"; };
		267A214B2721C2A50092A162 /* TextFieldCustom.swift */ = {isa = PBXFileReference; fileEncoding = 4; lastKnownFileType = sourcecode.swift; path = TextFieldCustom.swift; sourceTree = "<group>"; };
		267A214C2721C2A50092A162 /* CustomPageControlView.swift */ = {isa = PBXFileReference; fileEncoding = 4; lastKnownFileType = sourcecode.swift; path = CustomPageControlView.swift; sourceTree = "<group>"; };
		267A214D2721C2A50092A162 /* ButtonCustom.swift */ = {isa = PBXFileReference; fileEncoding = 4; lastKnownFileType = sourcecode.swift; path = ButtonCustom.swift; sourceTree = "<group>"; };
		267A214E2721C2A60092A162 /* Assets.xcassets */ = {isa = PBXFileReference; lastKnownFileType = folder.assetcatalog; path = Assets.xcassets; sourceTree = "<group>"; };
		267A214F2721C2A60092A162 /* LaunchScreen.storyboard */ = {isa = PBXFileReference; fileEncoding = 4; lastKnownFileType = file.storyboard; path = LaunchScreen.storyboard; sourceTree = "<group>"; };
		267A21522721C2A60092A162 /* TinderCardContentView.swift */ = {isa = PBXFileReference; fileEncoding = 4; lastKnownFileType = sourcecode.swift; path = TinderCardContentView.swift; sourceTree = "<group>"; };
		267A21532721C2A60092A162 /* TinderCardModel.swift */ = {isa = PBXFileReference; fileEncoding = 4; lastKnownFileType = sourcecode.swift; path = TinderCardModel.swift; sourceTree = "<group>"; };
		267A21542721C2A60092A162 /* TinderCardFooterView.swift */ = {isa = PBXFileReference; fileEncoding = 4; lastKnownFileType = sourcecode.swift; path = TinderCardFooterView.swift; sourceTree = "<group>"; };
		267A21552721C2A60092A162 /* TinderCardOverlay.swift */ = {isa = PBXFileReference; fileEncoding = 4; lastKnownFileType = sourcecode.swift; path = TinderCardOverlay.swift; sourceTree = "<group>"; };
		267A21562721C2A60092A162 /* UtilityManager.swift */ = {isa = PBXFileReference; fileEncoding = 4; lastKnownFileType = sourcecode.swift; path = UtilityManager.swift; sourceTree = "<group>"; };
		267A21572721C2A60092A162 /* Extension.swift */ = {isa = PBXFileReference; fileEncoding = 4; lastKnownFileType = sourcecode.swift; path = Extension.swift; sourceTree = "<group>"; };
		2E1DC5E9F33CCE247317D13F /* Pods-CoupleCareTests.release.xcconfig */ = {isa = PBXFileReference; includeInIndex = 1; lastKnownFileType = text.xcconfig; name = "Pods-CoupleCareTests.release.xcconfig"; path = "Target Support Files/Pods-CoupleCareTests/Pods-CoupleCareTests.release.xcconfig"; sourceTree = "<group>"; };
		6C302FE62721AD1E009A37CB /* CoupleCare.app */ = {isa = PBXFileReference; explicitFileType = wrapper.application; includeInIndex = 0; path = CoupleCare.app; sourceTree = BUILT_PRODUCTS_DIR; };
		6C302FE92721AD1E009A37CB /* AppDelegate.swift */ = {isa = PBXFileReference; lastKnownFileType = sourcecode.swift; path = AppDelegate.swift; sourceTree = "<group>"; };
		6C302FEB2721AD1E009A37CB /* SceneDelegate.swift */ = {isa = PBXFileReference; lastKnownFileType = sourcecode.swift; path = SceneDelegate.swift; sourceTree = "<group>"; };
		6C302FED2721AD1E009A37CB /* ViewController.swift */ = {isa = PBXFileReference; lastKnownFileType = sourcecode.swift; path = ViewController.swift; sourceTree = "<group>"; };
		6C302FF72721AD1F009A37CB /* Info.plist */ = {isa = PBXFileReference; lastKnownFileType = text.plist.xml; path = Info.plist; sourceTree = "<group>"; };
		6C302FFC2721AD1F009A37CB /* CoupleCareTests.xctest */ = {isa = PBXFileReference; explicitFileType = wrapper.cfbundle; includeInIndex = 0; path = CoupleCareTests.xctest; sourceTree = BUILT_PRODUCTS_DIR; };
		6C3030002721AD1F009A37CB /* CoupleCareTests.swift */ = {isa = PBXFileReference; lastKnownFileType = sourcecode.swift; path = CoupleCareTests.swift; sourceTree = "<group>"; };
		6C3030022721AD1F009A37CB /* Info.plist */ = {isa = PBXFileReference; lastKnownFileType = text.plist.xml; path = Info.plist; sourceTree = "<group>"; };
		6C3030072721AD1F009A37CB /* CoupleCareUITests.xctest */ = {isa = PBXFileReference; explicitFileType = wrapper.cfbundle; includeInIndex = 0; path = CoupleCareUITests.xctest; sourceTree = BUILT_PRODUCTS_DIR; };
		6C30300B2721AD1F009A37CB /* CoupleCareUITests.swift */ = {isa = PBXFileReference; lastKnownFileType = sourcecode.swift; path = CoupleCareUITests.swift; sourceTree = "<group>"; };
		6C30300D2721AD1F009A37CB /* Info.plist */ = {isa = PBXFileReference; lastKnownFileType = text.plist.xml; path = Info.plist; sourceTree = "<group>"; };
		732DCFDD25DC6ECBF37C8BD5 /* Pods-CoupleCare.debug.xcconfig */ = {isa = PBXFileReference; includeInIndex = 1; lastKnownFileType = text.xcconfig; name = "Pods-CoupleCare.debug.xcconfig"; path = "Target Support Files/Pods-CoupleCare/Pods-CoupleCare.debug.xcconfig"; sourceTree = "<group>"; };
		7BA5BED6D2EE4BFF1960ADBD /* Pods-CoupleCare.release.xcconfig */ = {isa = PBXFileReference; includeInIndex = 1; lastKnownFileType = text.xcconfig; name = "Pods-CoupleCare.release.xcconfig"; path = "Target Support Files/Pods-CoupleCare/Pods-CoupleCare.release.xcconfig"; sourceTree = "<group>"; };
		8A5F48EC72E05C580A0A1086 /* Pods_CoupleCare_CoupleCareUITests.framework */ = {isa = PBXFileReference; explicitFileType = wrapper.framework; includeInIndex = 0; path = Pods_CoupleCare_CoupleCareUITests.framework; sourceTree = BUILT_PRODUCTS_DIR; };
		9A97237B2B099A5930E90E50 /* Pods-CoupleCare-CoupleCareUITests.debug.xcconfig */ = {isa = PBXFileReference; includeInIndex = 1; lastKnownFileType = text.xcconfig; name = "Pods-CoupleCare-CoupleCareUITests.debug.xcconfig"; path = "Target Support Files/Pods-CoupleCare-CoupleCareUITests/Pods-CoupleCare-CoupleCareUITests.debug.xcconfig"; sourceTree = "<group>"; };
		9FA688854415B90B4141D52C /* Pods-CoupleCare-CoupleCareUITests.release.xcconfig */ = {isa = PBXFileReference; includeInIndex = 1; lastKnownFileType = text.xcconfig; name = "Pods-CoupleCare-CoupleCareUITests.release.xcconfig"; path = "Target Support Files/Pods-CoupleCare-CoupleCareUITests/Pods-CoupleCare-CoupleCareUITests.release.xcconfig"; sourceTree = "<group>"; };
		CD87D88918A847D27D1BF45A /* Pods-CoupleCareTests.debug.xcconfig */ = {isa = PBXFileReference; includeInIndex = 1; lastKnownFileType = text.xcconfig; name = "Pods-CoupleCareTests.debug.xcconfig"; path = "Target Support Files/Pods-CoupleCareTests/Pods-CoupleCareTests.debug.xcconfig"; sourceTree = "<group>"; };
		F952C26093DC8A58698F1C61 /* Pods_CoupleCare.framework */ = {isa = PBXFileReference; explicitFileType = wrapper.framework; includeInIndex = 0; path = Pods_CoupleCare.framework; sourceTree = BUILT_PRODUCTS_DIR; };
		FED0ED892A260D7F6EAE6C10 /* Pods_CoupleCareTests.framework */ = {isa = PBXFileReference; explicitFileType = wrapper.framework; includeInIndex = 0; path = Pods_CoupleCareTests.framework; sourceTree = BUILT_PRODUCTS_DIR; };
/* End PBXFileReference section */

/* Begin PBXFrameworksBuildPhase section */
		6C302FE32721AD1E009A37CB /* Frameworks */ = {
			isa = PBXFrameworksBuildPhase;
			buildActionMask = 2147483647;
			files = (
				EBF31DD5B36954EDA75E6204 /* Pods_CoupleCare.framework in Frameworks */,
			);
			runOnlyForDeploymentPostprocessing = 0;
		};
		6C302FF92721AD1F009A37CB /* Frameworks */ = {
			isa = PBXFrameworksBuildPhase;
			buildActionMask = 2147483647;
			files = (
				7D0AD345EC767B7BE443EEDB /* Pods_CoupleCareTests.framework in Frameworks */,
			);
			runOnlyForDeploymentPostprocessing = 0;
		};
		6C3030042721AD1F009A37CB /* Frameworks */ = {
			isa = PBXFrameworksBuildPhase;
			buildActionMask = 2147483647;
			files = (
				DA753438120DA8FDF5746130 /* Pods_CoupleCare_CoupleCareUITests.framework in Frameworks */,
			);
			runOnlyForDeploymentPostprocessing = 0;
		};
/* End PBXFrameworksBuildPhase section */

/* Begin PBXGroup section */
		263B198F27251CF700D3B1C7 /* TblCell */ = {
			isa = PBXGroup;
			children = (
				263B199027251D0E00D3B1C7 /* FeedTblCell.swift */,
			);
			path = TblCell;
			sourceTree = "<group>";
		};
		267A20DC2721C2940092A162 /* MVVM */ = {
			isa = PBXGroup;
			children = (
				267A20DD2721C2940092A162 /* ViewModel */,
				267A20DE2721C2950092A162 /* Model */,
				267A20DF2721C2950092A162 /* View */,
			);
			path = MVVM;
			sourceTree = "<group>";
		};
		267A20DD2721C2940092A162 /* ViewModel */ = {
			isa = PBXGroup;
			children = (
			);
			path = ViewModel;
			sourceTree = "<group>";
		};
		267A20DE2721C2950092A162 /* Model */ = {
			isa = PBXGroup;
			children = (
			);
			path = Model;
			sourceTree = "<group>";
		};
		267A20DF2721C2950092A162 /* View */ = {
			isa = PBXGroup;
			children = (
				267A20E02721C2950092A162 /* Tabbar */,
				267A20FE2721C2950092A162 /* User */,
			);
			path = View;
			sourceTree = "<group>";
		};
		267A20E02721C2950092A162 /* Tabbar */ = {
			isa = PBXGroup;
			children = (
				267A20E92721C2950092A162 /* CoupleCaresTabbar.swift */,
				267A20E12721C2950092A162 /* Home */,
				267A20EA2721C2950092A162 /* Messages */,
				267A20ED2721C2950092A162 /* LikesTopPicks */,
				267A20EF2721C2950092A162 /* Feeds */,
				267A20F22721C2950092A162 /* Profile */,
			);
			path = Tabbar;
			sourceTree = "<group>";
		};
		267A20E12721C2950092A162 /* Home */ = {
			isa = PBXGroup;
			children = (
				267A20E22721C2950092A162 /* PremiumPlanVC.swift */,
				267A20E32721C2950092A162 /* OtherProfileVC.swift */,
				267A20E42721C2950092A162 /* MatchVC.swift */,
				267A20E52721C2950092A162 /* FullImageVC.swift */,
				267A20E62721C2950092A162 /* HomeVC.swift */,
				267A20E72721C2950092A162 /* PaymentVC.swift */,
				267A20E82721C2950092A162 /* SubscriptionTypeVC.swift */,
			);
			path = Home;
			sourceTree = "<group>";
		};
		267A20EA2721C2950092A162 /* Messages */ = {
			isa = PBXGroup;
			children = (
				267A20EB2721C2950092A162 /* MessageListVC.swift */,
				267A20EC2721C2950092A162 /* ChatVC.swift */,
			);
			path = Messages;
			sourceTree = "<group>";
		};
		267A20ED2721C2950092A162 /* LikesTopPicks */ = {
			isa = PBXGroup;
			children = (
				267A20EE2721C2950092A162 /* LikesTopPickVC.swift */,
			);
			path = LikesTopPicks;
			sourceTree = "<group>";
		};
		267A20EF2721C2950092A162 /* Feeds */ = {
			isa = PBXGroup;
			children = (
				267A20F02721C2950092A162 /* FeedVC.swift */,
				267A20F12721C2950092A162 /* CreatePostVC.swift */,
				263B198D27251C8C00D3B1C7 /* CommentVC.swift */,
				263B19922725249B00D3B1C7 /* LikesVC.swift */,
				263B198F27251CF700D3B1C7 /* TblCell */,
			);
			path = Feeds;
			sourceTree = "<group>";
		};
		267A20F22721C2950092A162 /* Profile */ = {
			isa = PBXGroup;
			children = (
				267A20F32721C2950092A162 /* ProfileVC.swift */,
				267A20F42721C2950092A162 /* ContactUsVC.swift */,
				267A20F72721C2950092A162 /* BlockedContactVC.swift */,
				267A20F82721C2950092A162 /* EditProfileVC.swift */,
				267A20FB2721C2950092A162 /* FullProfileVC.swift */,
				267A20FC2721C2950092A162 /* ProfileSettingVC.swift */,
				267A20FD2721C2950092A162 /* DeleteAccVC.swift */,
				267A20F52721C2950092A162 /* XIB */,
				267A20F92721C2950092A162 /* TblCell */,
			);
			path = Profile;
			sourceTree = "<group>";
		};
		267A20F52721C2950092A162 /* XIB */ = {
			isa = PBXGroup;
			children = (
				267A20F62721C2950092A162 /* SettingView.xib */,
				263B1994272533D300D3B1C7 /* SettingView.swift */,
			);
			path = XIB;
			sourceTree = "<group>";
		};
		267A20F92721C2950092A162 /* TblCell */ = {
			isa = PBXGroup;
			children = (
				267A20FA2721C2950092A162 /* ProfileCell.swift */,
			);
			path = TblCell;
			sourceTree = "<group>";
		};
		267A20FE2721C2950092A162 /* User */ = {
			isa = PBXGroup;
			children = (
				267A20FF2721C2950092A162 /* PhotoVC.swift */,
				267A21002721C2950092A162 /* OTPVC.swift */,
				267A21012721C2950092A162 /* LoginVC.swift */,
				267A21022721C2950092A162 /* LocationVC.swift */,
				267A21032721C2950092A162 /* InterestsVC.swift */,
				267A21062721C2950092A162 /* GenderVC.swift */,
				267A21072721C2950092A162 /* MobileNumVC.swift */,
				267A21082721C2950092A162 /* BirthdayVC.swift */,
				267A21092721C2950092A162 /* NameVC.swift */,
				267A21042721C2950092A162 /* ClcCell */,
			);
			path = User;
			sourceTree = "<group>";
		};
		267A21042721C2950092A162 /* ClcCell */ = {
			isa = PBXGroup;
			children = (
				267A21052721C2950092A162 /* InterestClcCell.swift */,
			);
			path = ClcCell;
			sourceTree = "<group>";
		};
		267A212A2721C2A50092A162 /* Resources */ = {
			isa = PBXGroup;
			children = (
				267A212B2721C2A50092A162 /* Lato-HeavyItalic.ttf */,
				267A212C2721C2A50092A162 /* Lato-Italic.ttf */,
				267A212D2721C2A50092A162 /* Lato-LightItalic.ttf */,
				267A212E2721C2A50092A162 /* Lato-Thin.ttf */,
				267A212F2721C2A50092A162 /* Lato-Bold.ttf */,
				267A21302721C2A50092A162 /* Lato-Black.ttf */,
				267A21312721C2A50092A162 /* Lato-SemiboldItalic.ttf */,
				267A21322721C2A50092A162 /* Lato-HairlineItalic.ttf */,
				267A21332721C2A50092A162 /* Lato-Regular.ttf */,
				267A21342721C2A50092A162 /* Lato-Hairline.ttf */,
				267A21352721C2A50092A162 /* Lato-BlackItalic.ttf */,
				267A21362721C2A50092A162 /* Lato-Semibold.ttf */,
				267A21372721C2A50092A162 /* Lato-MediumItalic.ttf */,
				267A21382721C2A50092A162 /* Lato-Heavy.ttf */,
				267A21392721C2A50092A162 /* Lato-BoldItalic.ttf */,
				267A213A2721C2A50092A162 /* Lato-Light.ttf */,
				267A213B2721C2A50092A162 /* Lato-Medium.ttf */,
				267A213C2721C2A50092A162 /* Lato-ThinItalic.ttf */,
			);
			path = Resources;
			sourceTree = "<group>";
		};
		267A213D2721C2A50092A162 /* Storyboard */ = {
			isa = PBXGroup;
			children = (
				267A213E2721C2A50092A162 /* CoupleCareTabBar.storyboard */,
				267A213F2721C2A50092A162 /* Profile.storyboard */,
				267A21402721C2A50092A162 /* Feed.storyboard */,
				267A21412721C2A50092A162 /* Home.storyboard */,
				267A21422721C2A50092A162 /* Main.storyboard */,
				267A21442721C2A50092A162 /* LikesTopPick.storyboard */,
				267A21452721C2A50092A162 /* Message.storyboard */,
			);
			name = Storyboard;
			path = "../../../Desktop/CoupleCares 2/CoupleCares/Storyboard";
			sourceTree = "<group>";
		};
		267A21462721C2A50092A162 /* Custom View Class */ = {
			isa = PBXGroup;
			children = (
				267A21472721C2A50092A162 /* ImageCustom.swift */,
				267A21482721C2A50092A162 /* ViewCustom.swift */,
				267A21492721C2A50092A162 /* LabelCustom.swift */,
				267A214A2721C2A50092A162 /* DownloadCircularProgessView.swift */,
				267A214B2721C2A50092A162 /* TextFieldCustom.swift */,
				267A214C2721C2A50092A162 /* CustomPageControlView.swift */,
				267A214D2721C2A50092A162 /* ButtonCustom.swift */,
			);
			path = "Custom View Class";
			sourceTree = "<group>";
		};
		267A21502721C2A60092A162 /* Utility */ = {
			isa = PBXGroup;
			children = (
				267A21512721C2A60092A162 /* TinderCard */,
				267A21562721C2A60092A162 /* UtilityManager.swift */,
				267A21572721C2A60092A162 /* Extension.swift */,
			);
			path = Utility;
			sourceTree = "<group>";
		};
		267A21512721C2A60092A162 /* TinderCard */ = {
			isa = PBXGroup;
			children = (
				267A21522721C2A60092A162 /* TinderCardContentView.swift */,
				267A21532721C2A60092A162 /* TinderCardModel.swift */,
				267A21542721C2A60092A162 /* TinderCardFooterView.swift */,
				267A21552721C2A60092A162 /* TinderCardOverlay.swift */,
			);
			path = TinderCard;
			sourceTree = "<group>";
		};
		5D83030F33F5916433FA98C1 /* Pods */ = {
			isa = PBXGroup;
			children = (
				732DCFDD25DC6ECBF37C8BD5 /* Pods-CoupleCare.debug.xcconfig */,
				7BA5BED6D2EE4BFF1960ADBD /* Pods-CoupleCare.release.xcconfig */,
				9A97237B2B099A5930E90E50 /* Pods-CoupleCare-CoupleCareUITests.debug.xcconfig */,
				9FA688854415B90B4141D52C /* Pods-CoupleCare-CoupleCareUITests.release.xcconfig */,
				CD87D88918A847D27D1BF45A /* Pods-CoupleCareTests.debug.xcconfig */,
				2E1DC5E9F33CCE247317D13F /* Pods-CoupleCareTests.release.xcconfig */,
			);
			path = Pods;
			sourceTree = "<group>";
		};
		6C302FDD2721AD1E009A37CB = {
			isa = PBXGroup;
			children = (
				6C302FE82721AD1E009A37CB /* CoupleCare */,
				6C302FFF2721AD1F009A37CB /* CoupleCareTests */,
				6C30300A2721AD1F009A37CB /* CoupleCareUITests */,
				6C302FE72721AD1E009A37CB /* Products */,
				5D83030F33F5916433FA98C1 /* Pods */,
				C5D3CDB722651ECAE264AEB4 /* Frameworks */,
			);
			sourceTree = "<group>";
		};
		6C302FE72721AD1E009A37CB /* Products */ = {
			isa = PBXGroup;
			children = (
				6C302FE62721AD1E009A37CB /* CoupleCare.app */,
				6C302FFC2721AD1F009A37CB /* CoupleCareTests.xctest */,
				6C3030072721AD1F009A37CB /* CoupleCareUITests.xctest */,
			);
			name = Products;
			sourceTree = "<group>";
		};
		6C302FE82721AD1E009A37CB /* CoupleCare */ = {
			isa = PBXGroup;
			children = (
				6C302FE92721AD1E009A37CB /* AppDelegate.swift */,
				6C302FEB2721AD1E009A37CB /* SceneDelegate.swift */,
				6C302FED2721AD1E009A37CB /* ViewController.swift */,
				267A20DC2721C2940092A162 /* MVVM */,
				267A21462721C2A50092A162 /* Custom View Class */,
				267A213D2721C2A50092A162 /* Storyboard */,
				267A21502721C2A60092A162 /* Utility */,
				267A212A2721C2A50092A162 /* Resources */,
				267A214E2721C2A60092A162 /* Assets.xcassets */,
				267A214F2721C2A60092A162 /* LaunchScreen.storyboard */,
				6C302FF72721AD1F009A37CB /* Info.plist */,
			);
			path = CoupleCare;
			sourceTree = "<group>";
		};
		6C302FFF2721AD1F009A37CB /* CoupleCareTests */ = {
			isa = PBXGroup;
			children = (
				6C3030002721AD1F009A37CB /* CoupleCareTests.swift */,
				6C3030022721AD1F009A37CB /* Info.plist */,
			);
			path = CoupleCareTests;
			sourceTree = "<group>";
		};
		6C30300A2721AD1F009A37CB /* CoupleCareUITests */ = {
			isa = PBXGroup;
			children = (
				6C30300B2721AD1F009A37CB /* CoupleCareUITests.swift */,
				6C30300D2721AD1F009A37CB /* Info.plist */,
			);
			path = CoupleCareUITests;
			sourceTree = "<group>";
		};
		C5D3CDB722651ECAE264AEB4 /* Frameworks */ = {
			isa = PBXGroup;
			children = (
				F952C26093DC8A58698F1C61 /* Pods_CoupleCare.framework */,
				8A5F48EC72E05C580A0A1086 /* Pods_CoupleCare_CoupleCareUITests.framework */,
				FED0ED892A260D7F6EAE6C10 /* Pods_CoupleCareTests.framework */,
			);
			name = Frameworks;
			sourceTree = "<group>";
		};
/* End PBXGroup section */

/* Begin PBXNativeTarget section */
		6C302FE52721AD1E009A37CB /* CoupleCare */ = {
			isa = PBXNativeTarget;
			buildConfigurationList = 6C3030102721AD1F009A37CB /* Build configuration list for PBXNativeTarget "CoupleCare" */;
			buildPhases = (
				978D7DF6EB9BB8ADB2BAF16A /* [CP] Check Pods Manifest.lock */,
				6C302FE22721AD1E009A37CB /* Sources */,
				6C302FE32721AD1E009A37CB /* Frameworks */,
				6C302FE42721AD1E009A37CB /* Resources */,
				3E4F61D88275532C7B676470 /* [CP] Embed Pods Frameworks */,
			);
			buildRules = (
			);
			dependencies = (
			);
			name = CoupleCare;
			productName = CoupleCare;
			productReference = 6C302FE62721AD1E009A37CB /* CoupleCare.app */;
			productType = "com.apple.product-type.application";
		};
		6C302FFB2721AD1F009A37CB /* CoupleCareTests */ = {
			isa = PBXNativeTarget;
			buildConfigurationList = 6C3030132721AD1F009A37CB /* Build configuration list for PBXNativeTarget "CoupleCareTests" */;
			buildPhases = (
				936BC4F5598B0837EBCF3F22 /* [CP] Check Pods Manifest.lock */,
				6C302FF82721AD1F009A37CB /* Sources */,
				6C302FF92721AD1F009A37CB /* Frameworks */,
				6C302FFA2721AD1F009A37CB /* Resources */,
			);
			buildRules = (
			);
			dependencies = (
				6C302FFE2721AD1F009A37CB /* PBXTargetDependency */,
			);
			name = CoupleCareTests;
			productName = CoupleCareTests;
			productReference = 6C302FFC2721AD1F009A37CB /* CoupleCareTests.xctest */;
			productType = "com.apple.product-type.bundle.unit-test";
		};
		6C3030062721AD1F009A37CB /* CoupleCareUITests */ = {
			isa = PBXNativeTarget;
			buildConfigurationList = 6C3030162721AD1F009A37CB /* Build configuration list for PBXNativeTarget "CoupleCareUITests" */;
			buildPhases = (
				84EDE0235988A61794DC64C0 /* [CP] Check Pods Manifest.lock */,
				6C3030032721AD1F009A37CB /* Sources */,
				6C3030042721AD1F009A37CB /* Frameworks */,
				6C3030052721AD1F009A37CB /* Resources */,
				94DBA4B457AF43BA7115AA31 /* [CP] Embed Pods Frameworks */,
			);
			buildRules = (
			);
			dependencies = (
				6C3030092721AD1F009A37CB /* PBXTargetDependency */,
			);
			name = CoupleCareUITests;
			productName = CoupleCareUITests;
			productReference = 6C3030072721AD1F009A37CB /* CoupleCareUITests.xctest */;
			productType = "com.apple.product-type.bundle.ui-testing";
		};
/* End PBXNativeTarget section */

/* Begin PBXProject section */
		6C302FDE2721AD1E009A37CB /* Project object */ = {
			isa = PBXProject;
			attributes = {
				LastSwiftUpdateCheck = 1250;
				LastUpgradeCheck = 1250;
				TargetAttributes = {
					6C302FE52721AD1E009A37CB = {
						CreatedOnToolsVersion = 12.5.1;
					};
					6C302FFB2721AD1F009A37CB = {
						CreatedOnToolsVersion = 12.5.1;
						TestTargetID = 6C302FE52721AD1E009A37CB;
					};
					6C3030062721AD1F009A37CB = {
						CreatedOnToolsVersion = 12.5.1;
						TestTargetID = 6C302FE52721AD1E009A37CB;
					};
				};
			};
			buildConfigurationList = 6C302FE12721AD1E009A37CB /* Build configuration list for PBXProject "CoupleCare" */;
			compatibilityVersion = "Xcode 9.3";
			developmentRegion = en;
			hasScannedForEncodings = 0;
			knownRegions = (
				en,
				Base,
			);
			mainGroup = 6C302FDD2721AD1E009A37CB;
			productRefGroup = 6C302FE72721AD1E009A37CB /* Products */;
			projectDirPath = "";
			projectRoot = "";
			targets = (
				6C302FE52721AD1E009A37CB /* CoupleCare */,
				6C302FFB2721AD1F009A37CB /* CoupleCareTests */,
				6C3030062721AD1F009A37CB /* CoupleCareUITests */,
			);
		};
/* End PBXProject section */

/* Begin PBXResourcesBuildPhase section */
		6C302FE42721AD1E009A37CB /* Resources */ = {
			isa = PBXResourcesBuildPhase;
			buildActionMask = 2147483647;
			files = (
				267A21672721C2A60092A162 /* Lato-Light.ttf in Resources */,
				267A216A2721C2A60092A162 /* CoupleCareTabBar.storyboard in Resources */,
				267A21652721C2A60092A162 /* Lato-Heavy.ttf in Resources */,
				267A216E2721C2A60092A162 /* Main.storyboard in Resources */,
				267A215D2721C2A60092A162 /* Lato-Black.ttf in Resources */,
				267A21582721C2A60092A162 /* Lato-HeavyItalic.ttf in Resources */,
				267A21662721C2A60092A162 /* Lato-BoldItalic.ttf in Resources */,
				267A21612721C2A60092A162 /* Lato-Hairline.ttf in Resources */,
				267A215C2721C2A60092A162 /* Lato-Bold.ttf in Resources */,
				267A21592721C2A60092A162 /* Lato-Italic.ttf in Resources */,
				267A21692721C2A60092A162 /* Lato-ThinItalic.ttf in Resources */,
				267A216F2721C2A60092A162 /* LikesTopPick.storyboard in Resources */,
				267A215B2721C2A60092A162 /* Lato-Thin.ttf in Resources */,
				267A215F2721C2A60092A162 /* Lato-HairlineItalic.ttf in Resources */,
				267A216B2721C2A60092A162 /* Profile.storyboard in Resources */,
				267A215E2721C2A60092A162 /* Lato-SemiboldItalic.ttf in Resources */,
				267A21632721C2A60092A162 /* Lato-Semibold.ttf in Resources */,
				267A21622721C2A60092A162 /* Lato-BlackItalic.ttf in Resources */,
				267A21682721C2A60092A162 /* Lato-Medium.ttf in Resources */,
				267A21602721C2A60092A162 /* Lato-Regular.ttf in Resources */,
				267A21642721C2A60092A162 /* Lato-MediumItalic.ttf in Resources */,
				267A21192721C2950092A162 /* SettingView.xib in Resources */,
				267A216C2721C2A60092A162 /* Feed.storyboard in Resources */,
				267A216D2721C2A60092A162 /* Home.storyboard in Resources */,
				267A21702721C2A60092A162 /* Message.storyboard in Resources */,
				267A21792721C2A60092A162 /* LaunchScreen.storyboard in Resources */,
				267A21782721C2A60092A162 /* Assets.xcassets in Resources */,
				267A215A2721C2A60092A162 /* Lato-LightItalic.ttf in Resources */,
			);
			runOnlyForDeploymentPostprocessing = 0;
		};
		6C302FFA2721AD1F009A37CB /* Resources */ = {
			isa = PBXResourcesBuildPhase;
			buildActionMask = 2147483647;
			files = (
			);
			runOnlyForDeploymentPostprocessing = 0;
		};
		6C3030052721AD1F009A37CB /* Resources */ = {
			isa = PBXResourcesBuildPhase;
			buildActionMask = 2147483647;
			files = (
			);
			runOnlyForDeploymentPostprocessing = 0;
		};
/* End PBXResourcesBuildPhase section */

/* Begin PBXShellScriptBuildPhase section */
		3E4F61D88275532C7B676470 /* [CP] Embed Pods Frameworks */ = {
			isa = PBXShellScriptBuildPhase;
			buildActionMask = 2147483647;
			files = (
			);
			inputFileListPaths = (
				"${PODS_ROOT}/Target Support Files/Pods-CoupleCare/Pods-CoupleCare-frameworks-${CONFIGURATION}-input-files.xcfilelist",
			);
			name = "[CP] Embed Pods Frameworks";
			outputFileListPaths = (
				"${PODS_ROOT}/Target Support Files/Pods-CoupleCare/Pods-CoupleCare-frameworks-${CONFIGURATION}-output-files.xcfilelist",
			);
			runOnlyForDeploymentPostprocessing = 0;
			shellPath = /bin/sh;
			shellScript = "\"${PODS_ROOT}/Target Support Files/Pods-CoupleCare/Pods-CoupleCare-frameworks.sh\"\n";
			showEnvVarsInLog = 0;
		};
		84EDE0235988A61794DC64C0 /* [CP] Check Pods Manifest.lock */ = {
			isa = PBXShellScriptBuildPhase;
			buildActionMask = 2147483647;
			files = (
			);
			inputFileListPaths = (
			);
			inputPaths = (
				"${PODS_PODFILE_DIR_PATH}/Podfile.lock",
				"${PODS_ROOT}/Manifest.lock",
			);
			name = "[CP] Check Pods Manifest.lock";
			outputFileListPaths = (
			);
			outputPaths = (
				"$(DERIVED_FILE_DIR)/Pods-CoupleCare-CoupleCareUITests-checkManifestLockResult.txt",
			);
			runOnlyForDeploymentPostprocessing = 0;
			shellPath = /bin/sh;
			shellScript = "diff \"${PODS_PODFILE_DIR_PATH}/Podfile.lock\" \"${PODS_ROOT}/Manifest.lock\" > /dev/null\nif [ $? != 0 ] ; then\n    # print error to STDERR\n    echo \"error: The sandbox is not in sync with the Podfile.lock. Run 'pod install' or update your CocoaPods installation.\" >&2\n    exit 1\nfi\n# This output is used by Xcode 'outputs' to avoid re-running this script phase.\necho \"SUCCESS\" > \"${SCRIPT_OUTPUT_FILE_0}\"\n";
			showEnvVarsInLog = 0;
		};
		936BC4F5598B0837EBCF3F22 /* [CP] Check Pods Manifest.lock */ = {
			isa = PBXShellScriptBuildPhase;
			buildActionMask = 2147483647;
			files = (
			);
			inputFileListPaths = (
			);
			inputPaths = (
				"${PODS_PODFILE_DIR_PATH}/Podfile.lock",
				"${PODS_ROOT}/Manifest.lock",
			);
			name = "[CP] Check Pods Manifest.lock";
			outputFileListPaths = (
			);
			outputPaths = (
				"$(DERIVED_FILE_DIR)/Pods-CoupleCareTests-checkManifestLockResult.txt",
			);
			runOnlyForDeploymentPostprocessing = 0;
			shellPath = /bin/sh;
			shellScript = "diff \"${PODS_PODFILE_DIR_PATH}/Podfile.lock\" \"${PODS_ROOT}/Manifest.lock\" > /dev/null\nif [ $? != 0 ] ; then\n    # print error to STDERR\n    echo \"error: The sandbox is not in sync with the Podfile.lock. Run 'pod install' or update your CocoaPods installation.\" >&2\n    exit 1\nfi\n# This output is used by Xcode 'outputs' to avoid re-running this script phase.\necho \"SUCCESS\" > \"${SCRIPT_OUTPUT_FILE_0}\"\n";
			showEnvVarsInLog = 0;
		};
		94DBA4B457AF43BA7115AA31 /* [CP] Embed Pods Frameworks */ = {
			isa = PBXShellScriptBuildPhase;
			buildActionMask = 2147483647;
			files = (
			);
			inputFileListPaths = (
				"${PODS_ROOT}/Target Support Files/Pods-CoupleCare-CoupleCareUITests/Pods-CoupleCare-CoupleCareUITests-frameworks-${CONFIGURATION}-input-files.xcfilelist",
			);
			name = "[CP] Embed Pods Frameworks";
			outputFileListPaths = (
				"${PODS_ROOT}/Target Support Files/Pods-CoupleCare-CoupleCareUITests/Pods-CoupleCare-CoupleCareUITests-frameworks-${CONFIGURATION}-output-files.xcfilelist",
			);
			runOnlyForDeploymentPostprocessing = 0;
			shellPath = /bin/sh;
			shellScript = "\"${PODS_ROOT}/Target Support Files/Pods-CoupleCare-CoupleCareUITests/Pods-CoupleCare-CoupleCareUITests-frameworks.sh\"\n";
			showEnvVarsInLog = 0;
		};
		978D7DF6EB9BB8ADB2BAF16A /* [CP] Check Pods Manifest.lock */ = {
			isa = PBXShellScriptBuildPhase;
			buildActionMask = 2147483647;
			files = (
			);
			inputFileListPaths = (
			);
			inputPaths = (
				"${PODS_PODFILE_DIR_PATH}/Podfile.lock",
				"${PODS_ROOT}/Manifest.lock",
			);
			name = "[CP] Check Pods Manifest.lock";
			outputFileListPaths = (
			);
			outputPaths = (
				"$(DERIVED_FILE_DIR)/Pods-CoupleCare-checkManifestLockResult.txt",
			);
			runOnlyForDeploymentPostprocessing = 0;
			shellPath = /bin/sh;
			shellScript = "diff \"${PODS_PODFILE_DIR_PATH}/Podfile.lock\" \"${PODS_ROOT}/Manifest.lock\" > /dev/null\nif [ $? != 0 ] ; then\n    # print error to STDERR\n    echo \"error: The sandbox is not in sync with the Podfile.lock. Run 'pod install' or update your CocoaPods installation.\" >&2\n    exit 1\nfi\n# This output is used by Xcode 'outputs' to avoid re-running this script phase.\necho \"SUCCESS\" > \"${SCRIPT_OUTPUT_FILE_0}\"\n";
			showEnvVarsInLog = 0;
		};
/* End PBXShellScriptBuildPhase section */

/* Begin PBXSourcesBuildPhase section */
		6C302FE22721AD1E009A37CB /* Sources */ = {
			isa = PBXSourcesBuildPhase;
			buildActionMask = 2147483647;
			files = (
				267A21162721C2950092A162 /* CreatePostVC.swift in Sources */,
				267A21742721C2A60092A162 /* DownloadCircularProgessView.swift in Sources */,
				267A217F2721C2A60092A162 /* Extension.swift in Sources */,
				267A21292721C2950092A162 /* NameVC.swift in Sources */,
				267A21142721C2950092A162 /* LikesTopPickVC.swift in Sources */,
				267A217D2721C2A60092A162 /* TinderCardOverlay.swift in Sources */,
				263B198E27251C8C00D3B1C7 /* CommentVC.swift in Sources */,
				6C302FEE2721AD1E009A37CB /* ViewController.swift in Sources */,
				267A217B2721C2A60092A162 /* TinderCardModel.swift in Sources */,
				263B1995272533D300D3B1C7 /* SettingView.swift in Sources */,
				267A21282721C2950092A162 /* BirthdayVC.swift in Sources */,
				267A217A2721C2A60092A162 /* TinderCardContentView.swift in Sources */,
				267A21752721C2A60092A162 /* TextFieldCustom.swift in Sources */,
				267A210E2721C2950092A162 /* HomeVC.swift in Sources */,
				267A210B2721C2950092A162 /* OtherProfileVC.swift in Sources */,
				267A21732721C2A60092A162 /* LabelCustom.swift in Sources */,
				267A211A2721C2950092A162 /* BlockedContactVC.swift in Sources */,
				267A21252721C2950092A162 /* InterestClcCell.swift in Sources */,
				267A211C2721C2950092A162 /* ProfileCell.swift in Sources */,
				267A21182721C2950092A162 /* ContactUsVC.swift in Sources */,
				267A21102721C2950092A162 /* SubscriptionTypeVC.swift in Sources */,
				267A21122721C2950092A162 /* MessageListVC.swift in Sources */,
				267A21112721C2950092A162 /* CoupleCaresTabbar.swift in Sources */,
				263B199127251D0E00D3B1C7 /* FeedTblCell.swift in Sources */,
				267A217C2721C2A60092A162 /* TinderCardFooterView.swift in Sources */,
				267A21262721C2950092A162 /* GenderVC.swift in Sources */,
				267A21272721C2950092A162 /* MobileNumVC.swift in Sources */,
				267A211B2721C2950092A162 /* EditProfileVC.swift in Sources */,
				267A217E2721C2A60092A162 /* UtilityManager.swift in Sources */,
				267A210C2721C2950092A162 /* MatchVC.swift in Sources */,
				267A21712721C2A60092A162 /* ImageCustom.swift in Sources */,
				267A21242721C2950092A162 /* InterestsVC.swift in Sources */,
				267A210F2721C2950092A162 /* PaymentVC.swift in Sources */,
				267A21212721C2950092A162 /* OTPVC.swift in Sources */,
				267A210A2721C2950092A162 /* PremiumPlanVC.swift in Sources */,
				267A21762721C2A60092A162 /* CustomPageControlView.swift in Sources */,
				6C302FEA2721AD1E009A37CB /* AppDelegate.swift in Sources */,
				267A211E2721C2950092A162 /* ProfileSettingVC.swift in Sources */,
				6C302FEC2721AD1E009A37CB /* SceneDelegate.swift in Sources */,
				267A21172721C2950092A162 /* ProfileVC.swift in Sources */,
				267A21152721C2950092A162 /* FeedVC.swift in Sources */,
				267A21232721C2950092A162 /* LocationVC.swift in Sources */,
				267A21722721C2A60092A162 /* ViewCustom.swift in Sources */,
				267A21132721C2950092A162 /* ChatVC.swift in Sources */,
				267A21772721C2A60092A162 /* ButtonCustom.swift in Sources */,
				267A210D2721C2950092A162 /* FullImageVC.swift in Sources */,
				263B19932725249B00D3B1C7 /* LikesVC.swift in Sources */,
				267A21222721C2950092A162 /* LoginVC.swift in Sources */,
				267A211D2721C2950092A162 /* FullProfileVC.swift in Sources */,
				267A21202721C2950092A162 /* PhotoVC.swift in Sources */,
				267A211F2721C2950092A162 /* DeleteAccVC.swift in Sources */,
			);
			runOnlyForDeploymentPostprocessing = 0;
		};
		6C302FF82721AD1F009A37CB /* Sources */ = {
			isa = PBXSourcesBuildPhase;
			buildActionMask = 2147483647;
			files = (
				6C3030012721AD1F009A37CB /* CoupleCareTests.swift in Sources */,
			);
			runOnlyForDeploymentPostprocessing = 0;
		};
		6C3030032721AD1F009A37CB /* Sources */ = {
			isa = PBXSourcesBuildPhase;
			buildActionMask = 2147483647;
			files = (
				6C30300C2721AD1F009A37CB /* CoupleCareUITests.swift in Sources */,
			);
			runOnlyForDeploymentPostprocessing = 0;
		};
/* End PBXSourcesBuildPhase section */

/* Begin PBXTargetDependency section */
		6C302FFE2721AD1F009A37CB /* PBXTargetDependency */ = {
			isa = PBXTargetDependency;
			target = 6C302FE52721AD1E009A37CB /* CoupleCare */;
			targetProxy = 6C302FFD2721AD1F009A37CB /* PBXContainerItemProxy */;
		};
		6C3030092721AD1F009A37CB /* PBXTargetDependency */ = {
			isa = PBXTargetDependency;
			target = 6C302FE52721AD1E009A37CB /* CoupleCare */;
			targetProxy = 6C3030082721AD1F009A37CB /* PBXContainerItemProxy */;
		};
/* End PBXTargetDependency section */

/* Begin PBXVariantGroup section */
		267A21422721C2A50092A162 /* Main.storyboard */ = {
			isa = PBXVariantGroup;
			children = (
				267A21432721C2A50092A162 /* Base */,
			);
			name = Main.storyboard;
			sourceTree = "<group>";
		};
/* End PBXVariantGroup section */

/* Begin XCBuildConfiguration section */
		6C30300E2721AD1F009A37CB /* Debug */ = {
			isa = XCBuildConfiguration;
			buildSettings = {
				ALWAYS_SEARCH_USER_PATHS = NO;
				CLANG_ANALYZER_NONNULL = YES;
				CLANG_ANALYZER_NUMBER_OBJECT_CONVERSION = YES_AGGRESSIVE;
				CLANG_CXX_LANGUAGE_STANDARD = "gnu++14";
				CLANG_CXX_LIBRARY = "libc++";
				CLANG_ENABLE_MODULES = YES;
				CLANG_ENABLE_OBJC_ARC = YES;
				CLANG_ENABLE_OBJC_WEAK = YES;
				CLANG_WARN_BLOCK_CAPTURE_AUTORELEASING = YES;
				CLANG_WARN_BOOL_CONVERSION = YES;
				CLANG_WARN_COMMA = YES;
				CLANG_WARN_CONSTANT_CONVERSION = YES;
				CLANG_WARN_DEPRECATED_OBJC_IMPLEMENTATIONS = YES;
				CLANG_WARN_DIRECT_OBJC_ISA_USAGE = YES_ERROR;
				CLANG_WARN_DOCUMENTATION_COMMENTS = YES;
				CLANG_WARN_EMPTY_BODY = YES;
				CLANG_WARN_ENUM_CONVERSION = YES;
				CLANG_WARN_INFINITE_RECURSION = YES;
				CLANG_WARN_INT_CONVERSION = YES;
				CLANG_WARN_NON_LITERAL_NULL_CONVERSION = YES;
				CLANG_WARN_OBJC_IMPLICIT_RETAIN_SELF = YES;
				CLANG_WARN_OBJC_LITERAL_CONVERSION = YES;
				CLANG_WARN_OBJC_ROOT_CLASS = YES_ERROR;
				CLANG_WARN_QUOTED_INCLUDE_IN_FRAMEWORK_HEADER = YES;
				CLANG_WARN_RANGE_LOOP_ANALYSIS = YES;
				CLANG_WARN_STRICT_PROTOTYPES = YES;
				CLANG_WARN_SUSPICIOUS_MOVE = YES;
				CLANG_WARN_UNGUARDED_AVAILABILITY = YES_AGGRESSIVE;
				CLANG_WARN_UNREACHABLE_CODE = YES;
				CLANG_WARN__DUPLICATE_METHOD_MATCH = YES;
				COPY_PHASE_STRIP = NO;
				DEBUG_INFORMATION_FORMAT = dwarf;
				ENABLE_STRICT_OBJC_MSGSEND = YES;
				ENABLE_TESTABILITY = YES;
				GCC_C_LANGUAGE_STANDARD = gnu11;
				GCC_DYNAMIC_NO_PIC = NO;
				GCC_NO_COMMON_BLOCKS = YES;
				GCC_OPTIMIZATION_LEVEL = 0;
				GCC_PREPROCESSOR_DEFINITIONS = (
					"DEBUG=1",
					"$(inherited)",
				);
				GCC_WARN_64_TO_32_BIT_CONVERSION = YES;
				GCC_WARN_ABOUT_RETURN_TYPE = YES_ERROR;
				GCC_WARN_UNDECLARED_SELECTOR = YES;
				GCC_WARN_UNINITIALIZED_AUTOS = YES_AGGRESSIVE;
				GCC_WARN_UNUSED_FUNCTION = YES;
				GCC_WARN_UNUSED_VARIABLE = YES;
				IPHONEOS_DEPLOYMENT_TARGET = 14.5;
				MTL_ENABLE_DEBUG_INFO = INCLUDE_SOURCE;
				MTL_FAST_MATH = YES;
				ONLY_ACTIVE_ARCH = YES;
				SDKROOT = iphoneos;
				SWIFT_ACTIVE_COMPILATION_CONDITIONS = DEBUG;
				SWIFT_OPTIMIZATION_LEVEL = "-Onone";
			};
			name = Debug;
		};
		6C30300F2721AD1F009A37CB /* Release */ = {
			isa = XCBuildConfiguration;
			buildSettings = {
				ALWAYS_SEARCH_USER_PATHS = NO;
				CLANG_ANALYZER_NONNULL = YES;
				CLANG_ANALYZER_NUMBER_OBJECT_CONVERSION = YES_AGGRESSIVE;
				CLANG_CXX_LANGUAGE_STANDARD = "gnu++14";
				CLANG_CXX_LIBRARY = "libc++";
				CLANG_ENABLE_MODULES = YES;
				CLANG_ENABLE_OBJC_ARC = YES;
				CLANG_ENABLE_OBJC_WEAK = YES;
				CLANG_WARN_BLOCK_CAPTURE_AUTORELEASING = YES;
				CLANG_WARN_BOOL_CONVERSION = YES;
				CLANG_WARN_COMMA = YES;
				CLANG_WARN_CONSTANT_CONVERSION = YES;
				CLANG_WARN_DEPRECATED_OBJC_IMPLEMENTATIONS = YES;
				CLANG_WARN_DIRECT_OBJC_ISA_USAGE = YES_ERROR;
				CLANG_WARN_DOCUMENTATION_COMMENTS = YES;
				CLANG_WARN_EMPTY_BODY = YES;
				CLANG_WARN_ENUM_CONVERSION = YES;
				CLANG_WARN_INFINITE_RECURSION = YES;
				CLANG_WARN_INT_CONVERSION = YES;
				CLANG_WARN_NON_LITERAL_NULL_CONVERSION = YES;
				CLANG_WARN_OBJC_IMPLICIT_RETAIN_SELF = YES;
				CLANG_WARN_OBJC_LITERAL_CONVERSION = YES;
				CLANG_WARN_OBJC_ROOT_CLASS = YES_ERROR;
				CLANG_WARN_QUOTED_INCLUDE_IN_FRAMEWORK_HEADER = YES;
				CLANG_WARN_RANGE_LOOP_ANALYSIS = YES;
				CLANG_WARN_STRICT_PROTOTYPES = YES;
				CLANG_WARN_SUSPICIOUS_MOVE = YES;
				CLANG_WARN_UNGUARDED_AVAILABILITY = YES_AGGRESSIVE;
				CLANG_WARN_UNREACHABLE_CODE = YES;
				CLANG_WARN__DUPLICATE_METHOD_MATCH = YES;
				COPY_PHASE_STRIP = NO;
				DEBUG_INFORMATION_FORMAT = "dwarf-with-dsym";
				ENABLE_NS_ASSERTIONS = NO;
				ENABLE_STRICT_OBJC_MSGSEND = YES;
				GCC_C_LANGUAGE_STANDARD = gnu11;
				GCC_NO_COMMON_BLOCKS = YES;
				GCC_WARN_64_TO_32_BIT_CONVERSION = YES;
				GCC_WARN_ABOUT_RETURN_TYPE = YES_ERROR;
				GCC_WARN_UNDECLARED_SELECTOR = YES;
				GCC_WARN_UNINITIALIZED_AUTOS = YES_AGGRESSIVE;
				GCC_WARN_UNUSED_FUNCTION = YES;
				GCC_WARN_UNUSED_VARIABLE = YES;
				IPHONEOS_DEPLOYMENT_TARGET = 14.5;
				MTL_ENABLE_DEBUG_INFO = NO;
				MTL_FAST_MATH = YES;
				SDKROOT = iphoneos;
				SWIFT_COMPILATION_MODE = wholemodule;
				SWIFT_OPTIMIZATION_LEVEL = "-O";
				VALIDATE_PRODUCT = YES;
			};
			name = Release;
		};
		6C3030112721AD1F009A37CB /* Debug */ = {
			isa = XCBuildConfiguration;
			baseConfigurationReference = 732DCFDD25DC6ECBF37C8BD5 /* Pods-CoupleCare.debug.xcconfig */;
			buildSettings = {
				ASSETCATALOG_COMPILER_APPICON_NAME = AppIcon;
				ASSETCATALOG_COMPILER_GLOBAL_ACCENT_COLOR_NAME = AccentColor;
				CODE_SIGN_STYLE = Automatic;
				INFOPLIST_FILE = CoupleCare/Info.plist;
				IPHONEOS_DEPLOYMENT_TARGET = 13.0;
				LD_RUNPATH_SEARCH_PATHS = (
					"$(inherited)",
					"@executable_path/Frameworks",
				);
				PRODUCT_BUNDLE_IDENTIFIER = com.product.com.CoupleCare;
				PRODUCT_NAME = "$(TARGET_NAME)";
				SWIFT_VERSION = 5.0;
				TARGETED_DEVICE_FAMILY = "1,2";
			};
			name = Debug;
		};
		6C3030122721AD1F009A37CB /* Release */ = {
			isa = XCBuildConfiguration;
			baseConfigurationReference = 7BA5BED6D2EE4BFF1960ADBD /* Pods-CoupleCare.release.xcconfig */;
			buildSettings = {
				ASSETCATALOG_COMPILER_APPICON_NAME = AppIcon;
				ASSETCATALOG_COMPILER_GLOBAL_ACCENT_COLOR_NAME = AccentColor;
				CODE_SIGN_STYLE = Automatic;
				INFOPLIST_FILE = CoupleCare/Info.plist;
				IPHONEOS_DEPLOYMENT_TARGET = 13.0;
				LD_RUNPATH_SEARCH_PATHS = (
					"$(inherited)",
					"@executable_path/Frameworks",
				);
				PRODUCT_BUNDLE_IDENTIFIER = com.product.com.CoupleCare;
				PRODUCT_NAME = "$(TARGET_NAME)";
				SWIFT_VERSION = 5.0;
				TARGETED_DEVICE_FAMILY = "1,2";
			};
			name = Release;
		};
		6C3030142721AD1F009A37CB /* Debug */ = {
			isa = XCBuildConfiguration;
			baseConfigurationReference = CD87D88918A847D27D1BF45A /* Pods-CoupleCareTests.debug.xcconfig */;
			buildSettings = {
				ALWAYS_EMBED_SWIFT_STANDARD_LIBRARIES = YES;
				BUNDLE_LOADER = "$(TEST_HOST)";
				CODE_SIGN_STYLE = Automatic;
				INFOPLIST_FILE = CoupleCareTests/Info.plist;
				IPHONEOS_DEPLOYMENT_TARGET = 14.5;
				LD_RUNPATH_SEARCH_PATHS = (
					"$(inherited)",
					"@executable_path/Frameworks",
					"@loader_path/Frameworks",
				);
				PRODUCT_BUNDLE_IDENTIFIER = com.product.com.CoupleCareTests;
				PRODUCT_NAME = "$(TARGET_NAME)";
				SWIFT_VERSION = 5.0;
				TARGETED_DEVICE_FAMILY = "1,2";
				TEST_HOST = "$(BUILT_PRODUCTS_DIR)/CoupleCare.app/CoupleCare";
			};
			name = Debug;
		};
		6C3030152721AD1F009A37CB /* Release */ = {
			isa = XCBuildConfiguration;
			baseConfigurationReference = 2E1DC5E9F33CCE247317D13F /* Pods-CoupleCareTests.release.xcconfig */;
			buildSettings = {
				ALWAYS_EMBED_SWIFT_STANDARD_LIBRARIES = YES;
				BUNDLE_LOADER = "$(TEST_HOST)";
				CODE_SIGN_STYLE = Automatic;
				INFOPLIST_FILE = CoupleCareTests/Info.plist;
				IPHONEOS_DEPLOYMENT_TARGET = 14.5;
				LD_RUNPATH_SEARCH_PATHS = (
					"$(inherited)",
					"@executable_path/Frameworks",
					"@loader_path/Frameworks",
				);
				PRODUCT_BUNDLE_IDENTIFIER = com.product.com.CoupleCareTests;
				PRODUCT_NAME = "$(TARGET_NAME)";
				SWIFT_VERSION = 5.0;
				TARGETED_DEVICE_FAMILY = "1,2";
				TEST_HOST = "$(BUILT_PRODUCTS_DIR)/CoupleCare.app/CoupleCare";
			};
			name = Release;
		};
		6C3030172721AD1F009A37CB /* Debug */ = {
			isa = XCBuildConfiguration;
			baseConfigurationReference = 9A97237B2B099A5930E90E50 /* Pods-CoupleCare-CoupleCareUITests.debug.xcconfig */;
			buildSettings = {
				ALWAYS_EMBED_SWIFT_STANDARD_LIBRARIES = YES;
				CODE_SIGN_STYLE = Automatic;
				INFOPLIST_FILE = CoupleCareUITests/Info.plist;
				LD_RUNPATH_SEARCH_PATHS = (
					"$(inherited)",
					"@executable_path/Frameworks",
					"@loader_path/Frameworks",
				);
				PRODUCT_BUNDLE_IDENTIFIER = com.product.com.CoupleCareUITests;
				PRODUCT_NAME = "$(TARGET_NAME)";
				SWIFT_VERSION = 5.0;
				TARGETED_DEVICE_FAMILY = "1,2";
				TEST_TARGET_NAME = CoupleCare;
			};
			name = Debug;
		};
		6C3030182721AD1F009A37CB /* Release */ = {
			isa = XCBuildConfiguration;
			baseConfigurationReference = 9FA688854415B90B4141D52C /* Pods-CoupleCare-CoupleCareUITests.release.xcconfig */;
			buildSettings = {
				ALWAYS_EMBED_SWIFT_STANDARD_LIBRARIES = YES;
				CODE_SIGN_STYLE = Automatic;
				INFOPLIST_FILE = CoupleCareUITests/Info.plist;
				LD_RUNPATH_SEARCH_PATHS = (
					"$(inherited)",
					"@executable_path/Frameworks",
					"@loader_path/Frameworks",
				);
				PRODUCT_BUNDLE_IDENTIFIER = com.product.com.CoupleCareUITests;
				PRODUCT_NAME = "$(TARGET_NAME)";
				SWIFT_VERSION = 5.0;
				TARGETED_DEVICE_FAMILY = "1,2";
				TEST_TARGET_NAME = CoupleCare;
			};
			name = Release;
		};
/* End XCBuildConfiguration section */

/* Begin XCConfigurationList section */
		6C302FE12721AD1E009A37CB /* Build configuration list for PBXProject "CoupleCare" */ = {
			isa = XCConfigurationList;
			buildConfigurations = (
				6C30300E2721AD1F009A37CB /* Debug */,
				6C30300F2721AD1F009A37CB /* Release */,
			);
			defaultConfigurationIsVisible = 0;
			defaultConfigurationName = Release;
		};
		6C3030102721AD1F009A37CB /* Build configuration list for PBXNativeTarget "CoupleCare" */ = {
			isa = XCConfigurationList;
			buildConfigurations = (
				6C3030112721AD1F009A37CB /* Debug */,
				6C3030122721AD1F009A37CB /* Release */,
			);
			defaultConfigurationIsVisible = 0;
			defaultConfigurationName = Release;
		};
		6C3030132721AD1F009A37CB /* Build configuration list for PBXNativeTarget "CoupleCareTests" */ = {
			isa = XCConfigurationList;
			buildConfigurations = (
				6C3030142721AD1F009A37CB /* Debug */,
				6C3030152721AD1F009A37CB /* Release */,
			);
			defaultConfigurationIsVisible = 0;
			defaultConfigurationName = Release;
		};
		6C3030162721AD1F009A37CB /* Build configuration list for PBXNativeTarget "CoupleCareUITests" */ = {
			isa = XCConfigurationList;
			buildConfigurations = (
				6C3030172721AD1F009A37CB /* Debug */,
				6C3030182721AD1F009A37CB /* Release */,
			);
			defaultConfigurationIsVisible = 0;
			defaultConfigurationName = Release;
		};
/* End XCConfigurationList section */
	};
	rootObject = 6C302FDE2721AD1E009A37CB /* Project object */;
}
