// !$*UTF8*$!
{
	archiveVersion = 1;
	classes = {
	};
	objectVersion = 55;
	objects = {

/* Begin PBXBuildFile section */
		263B95032700CE750082D41A /* Home.storyboard in Resources */ = {isa = PBXBuildFile; fileRef = 263B95022700CE750082D41A /* Home.storyboard */; };
		263B95062700D48A0082D41A /* HomeVC.swift in Sources */ = {isa = PBXBuildFile; fileRef = 263B95052700D48A0082D41A /* HomeVC.swift */; };
		263B950C2700D5150082D41A /* TinderCardContentView.swift in Sources */ = {isa = PBXBuildFile; fileRef = 263B95082700D5150082D41A /* TinderCardContentView.swift */; };
		263B950D2700D5150082D41A /* TinderCardModel.swift in Sources */ = {isa = PBXBuildFile; fileRef = 263B95092700D5150082D41A /* TinderCardModel.swift */; };
		263B950E2700D5150082D41A /* TinderCardFooterView.swift in Sources */ = {isa = PBXBuildFile; fileRef = 263B950A2700D5150082D41A /* TinderCardFooterView.swift */; };
		263B950F2700D5150082D41A /* TinderCardOverlay.swift in Sources */ = {isa = PBXBuildFile; fileRef = 263B950B2700D5150082D41A /* TinderCardOverlay.swift */; };
		266D97C027008032001E45A1 /* Message.storyboard in Resources */ = {isa = PBXBuildFile; fileRef = 266D97BF27008032001E45A1 /* Message.storyboard */; };
		266D97C327008325001E45A1 /* MessageListVC.swift in Sources */ = {isa = PBXBuildFile; fileRef = 266D97C227008325001E45A1 /* MessageListVC.swift */; };
		266D97C5270090AE001E45A1 /* ChatVC.swift in Sources */ = {isa = PBXBuildFile; fileRef = 266D97C4270090AE001E45A1 /* ChatVC.swift */; };
		266D97D32700A58C001E45A1 /* Feed.storyboard in Resources */ = {isa = PBXBuildFile; fileRef = 266D97D22700A58C001E45A1 /* Feed.storyboard */; };
		266D97D62700BD90001E45A1 /* FeedVC.swift in Sources */ = {isa = PBXBuildFile; fileRef = 266D97D52700BD90001E45A1 /* FeedVC.swift */; };
		267C91D826FEF127002CCD71 /* InterestsVC.swift in Sources */ = {isa = PBXBuildFile; fileRef = 267C91D726FEF127002CCD71 /* InterestsVC.swift */; };
		267C91DA26FEF251002CCD71 /* InterestClcCell.swift in Sources */ = {isa = PBXBuildFile; fileRef = 267C91D926FEF251002CCD71 /* InterestClcCell.swift */; };
		267C91DD26FF385F002CCD71 /* PhotoVC.swift in Sources */ = {isa = PBXBuildFile; fileRef = 267C91DC26FF385F002CCD71 /* PhotoVC.swift */; };
		267C91DF26FF40EA002CCD71 /* CoupleCareTabBar.storyboard in Resources */ = {isa = PBXBuildFile; fileRef = 267C91DE26FF40EA002CCD71 /* CoupleCareTabBar.storyboard */; };
		267C91E126FF4249002CCD71 /* LikesTopPick.storyboard in Resources */ = {isa = PBXBuildFile; fileRef = 267C91E026FF4249002CCD71 /* LikesTopPick.storyboard */; };
		267C91E426FF452B002CCD71 /* LoginVC.swift in Sources */ = {isa = PBXBuildFile; fileRef = 267C91E326FF452B002CCD71 /* LoginVC.swift */; };
		267C91E626FF4647002CCD71 /* Extension.swift in Sources */ = {isa = PBXBuildFile; fileRef = 267C91E526FF4647002CCD71 /* Extension.swift */; };
		267C91E826FF4651002CCD71 /* UtilityManager.swift in Sources */ = {isa = PBXBuildFile; fileRef = 267C91E726FF4651002CCD71 /* UtilityManager.swift */; };
		267C91EB26FF4724002CCD71 /* CoupleCaresTabbar.swift in Sources */ = {isa = PBXBuildFile; fileRef = 267C91EA26FF4724002CCD71 /* CoupleCaresTabbar.swift */; };
		267C91EE26FF4AF7002CCD71 /* LikesTopPickVC.swift in Sources */ = {isa = PBXBuildFile; fileRef = 267C91ED26FF4AF7002CCD71 /* LikesTopPickVC.swift */; };
		269FE5B326FE388A00C92CE5 /* AppDelegate.swift in Sources */ = {isa = PBXBuildFile; fileRef = 269FE5B226FE388A00C92CE5 /* AppDelegate.swift */; };
		269FE5B526FE388A00C92CE5 /* SceneDelegate.swift in Sources */ = {isa = PBXBuildFile; fileRef = 269FE5B426FE388A00C92CE5 /* SceneDelegate.swift */; };
		269FE5B726FE388A00C92CE5 /* ViewController.swift in Sources */ = {isa = PBXBuildFile; fileRef = 269FE5B626FE388A00C92CE5 /* ViewController.swift */; };
		269FE5BA26FE388A00C92CE5 /* Main.storyboard in Resources */ = {isa = PBXBuildFile; fileRef = 269FE5B826FE388A00C92CE5 /* Main.storyboard */; };
		269FE5BD26FE388A00C92CE5 /* CoupleCares.xcdatamodeld in Sources */ = {isa = PBXBuildFile; fileRef = 269FE5BB26FE388A00C92CE5 /* CoupleCares.xcdatamodeld */; };
		269FE5BF26FE388E00C92CE5 /* Assets.xcassets in Resources */ = {isa = PBXBuildFile; fileRef = 269FE5BE26FE388E00C92CE5 /* Assets.xcassets */; };
		269FE5C226FE388E00C92CE5 /* LaunchScreen.storyboard in Resources */ = {isa = PBXBuildFile; fileRef = 269FE5C026FE388E00C92CE5 /* LaunchScreen.storyboard */; };
		269FE5DC26FE3CCE00C92CE5 /* Lato-HeavyItalic.ttf in Resources */ = {isa = PBXBuildFile; fileRef = 269FE5CA26FE3CCD00C92CE5 /* Lato-HeavyItalic.ttf */; };
		269FE5DD26FE3CCE00C92CE5 /* Lato-Black.ttf in Resources */ = {isa = PBXBuildFile; fileRef = 269FE5CB26FE3CCD00C92CE5 /* Lato-Black.ttf */; };
		269FE5DE26FE3CCE00C92CE5 /* Lato-HairlineItalic.ttf in Resources */ = {isa = PBXBuildFile; fileRef = 269FE5CC26FE3CCD00C92CE5 /* Lato-HairlineItalic.ttf */; };
		269FE5DF26FE3CCE00C92CE5 /* Lato-SemiboldItalic.ttf in Resources */ = {isa = PBXBuildFile; fileRef = 269FE5CD26FE3CCD00C92CE5 /* Lato-SemiboldItalic.ttf */; };
		269FE5E026FE3CCE00C92CE5 /* Lato-Light.ttf in Resources */ = {isa = PBXBuildFile; fileRef = 269FE5CE26FE3CCD00C92CE5 /* Lato-Light.ttf */; };
		269FE5E126FE3CCE00C92CE5 /* Lato-Heavy.ttf in Resources */ = {isa = PBXBuildFile; fileRef = 269FE5CF26FE3CCD00C92CE5 /* Lato-Heavy.ttf */; };
		269FE5E226FE3CCE00C92CE5 /* Lato-Hairline.ttf in Resources */ = {isa = PBXBuildFile; fileRef = 269FE5D026FE3CCD00C92CE5 /* Lato-Hairline.ttf */; };
		269FE5E326FE3CCE00C92CE5 /* Lato-Thin.ttf in Resources */ = {isa = PBXBuildFile; fileRef = 269FE5D126FE3CCD00C92CE5 /* Lato-Thin.ttf */; };
		269FE5E426FE3CCE00C92CE5 /* Lato-Bold.ttf in Resources */ = {isa = PBXBuildFile; fileRef = 269FE5D226FE3CCD00C92CE5 /* Lato-Bold.ttf */; };
		269FE5E526FE3CCE00C92CE5 /* Lato-BlackItalic.ttf in Resources */ = {isa = PBXBuildFile; fileRef = 269FE5D326FE3CCD00C92CE5 /* Lato-BlackItalic.ttf */; };
		269FE5E626FE3CCE00C92CE5 /* Lato-LightItalic.ttf in Resources */ = {isa = PBXBuildFile; fileRef = 269FE5D426FE3CCD00C92CE5 /* Lato-LightItalic.ttf */; };
		269FE5E726FE3CCE00C92CE5 /* Lato-Medium.ttf in Resources */ = {isa = PBXBuildFile; fileRef = 269FE5D526FE3CCE00C92CE5 /* Lato-Medium.ttf */; };
		269FE5E826FE3CCE00C92CE5 /* Lato-Semibold.ttf in Resources */ = {isa = PBXBuildFile; fileRef = 269FE5D626FE3CCE00C92CE5 /* Lato-Semibold.ttf */; };
		269FE5E926FE3CCE00C92CE5 /* Lato-Italic.ttf in Resources */ = {isa = PBXBuildFile; fileRef = 269FE5D726FE3CCE00C92CE5 /* Lato-Italic.ttf */; };
		269FE5EA26FE3CCE00C92CE5 /* Lato-BoldItalic.ttf in Resources */ = {isa = PBXBuildFile; fileRef = 269FE5D826FE3CCE00C92CE5 /* Lato-BoldItalic.ttf */; };
		269FE5EB26FE3CCE00C92CE5 /* Lato-ThinItalic.ttf in Resources */ = {isa = PBXBuildFile; fileRef = 269FE5D926FE3CCE00C92CE5 /* Lato-ThinItalic.ttf */; };
		269FE5EC26FE3CCE00C92CE5 /* Lato-MediumItalic.ttf in Resources */ = {isa = PBXBuildFile; fileRef = 269FE5DA26FE3CCE00C92CE5 /* Lato-MediumItalic.ttf */; };
		269FE5ED26FE3CCE00C92CE5 /* Lato-Regular.ttf in Resources */ = {isa = PBXBuildFile; fileRef = 269FE5DB26FE3CCE00C92CE5 /* Lato-Regular.ttf */; };
		269FE5F726FE478300C92CE5 /* ImageCustom.swift in Sources */ = {isa = PBXBuildFile; fileRef = 269FE5F026FE478300C92CE5 /* ImageCustom.swift */; };
		269FE5F826FE478300C92CE5 /* ViewCustom.swift in Sources */ = {isa = PBXBuildFile; fileRef = 269FE5F126FE478300C92CE5 /* ViewCustom.swift */; };
		269FE5F926FE478300C92CE5 /* LabelCustom.swift in Sources */ = {isa = PBXBuildFile; fileRef = 269FE5F226FE478300C92CE5 /* LabelCustom.swift */; };
		269FE5FA26FE478300C92CE5 /* DownloadCircularProgessView.swift in Sources */ = {isa = PBXBuildFile; fileRef = 269FE5F326FE478300C92CE5 /* DownloadCircularProgessView.swift */; };
		269FE5FB26FE478300C92CE5 /* TextFieldCustom.swift in Sources */ = {isa = PBXBuildFile; fileRef = 269FE5F426FE478300C92CE5 /* TextFieldCustom.swift */; };
		269FE5FC26FE478300C92CE5 /* CustomPageControlView.swift in Sources */ = {isa = PBXBuildFile; fileRef = 269FE5F526FE478300C92CE5 /* CustomPageControlView.swift */; };
		269FE5FD26FE478300C92CE5 /* ButtonCustom.swift in Sources */ = {isa = PBXBuildFile; fileRef = 269FE5F626FE478300C92CE5 /* ButtonCustom.swift */; };
		FA8EEB129BCA610443D4EEE3 /* Pods_CoupleCares.framework in Frameworks */ = {isa = PBXBuildFile; fileRef = 2D6EE95D85E39F7B93A97506 /* Pods_CoupleCares.framework */; };
/* End PBXBuildFile section */

/* Begin PBXFileReference section */
		263B95022700CE750082D41A /* Home.storyboard */ = {isa = PBXFileReference; lastKnownFileType = file.storyboard; path = Home.storyboard; sourceTree = "<group>"; };
		263B95052700D48A0082D41A /* HomeVC.swift */ = {isa = PBXFileReference; lastKnownFileType = sourcecode.swift; path = HomeVC.swift; sourceTree = "<group>"; };
		263B95082700D5150082D41A /* TinderCardContentView.swift */ = {isa = PBXFileReference; fileEncoding = 4; lastKnownFileType = sourcecode.swift; path = TinderCardContentView.swift; sourceTree = "<group>"; };
		263B95092700D5150082D41A /* TinderCardModel.swift */ = {isa = PBXFileReference; fileEncoding = 4; lastKnownFileType = sourcecode.swift; path = TinderCardModel.swift; sourceTree = "<group>"; };
		263B950A2700D5150082D41A /* TinderCardFooterView.swift */ = {isa = PBXFileReference; fileEncoding = 4; lastKnownFileType = sourcecode.swift; path = TinderCardFooterView.swift; sourceTree = "<group>"; };
		263B950B2700D5150082D41A /* TinderCardOverlay.swift */ = {isa = PBXFileReference; fileEncoding = 4; lastKnownFileType = sourcecode.swift; path = TinderCardOverlay.swift; sourceTree = "<group>"; };
		266D97BF27008032001E45A1 /* Message.storyboard */ = {isa = PBXFileReference; lastKnownFileType = file.storyboard; path = Message.storyboard; sourceTree = "<group>"; };
		266D97C227008325001E45A1 /* MessageListVC.swift */ = {isa = PBXFileReference; lastKnownFileType = sourcecode.swift; path = MessageListVC.swift; sourceTree = "<group>"; };
		266D97C4270090AE001E45A1 /* ChatVC.swift */ = {isa = PBXFileReference; lastKnownFileType = sourcecode.swift; path = ChatVC.swift; sourceTree = "<group>"; };
		266D97D22700A58C001E45A1 /* Feed.storyboard */ = {isa = PBXFileReference; lastKnownFileType = file.storyboard; path = Feed.storyboard; sourceTree = "<group>"; };
		266D97D52700BD90001E45A1 /* FeedVC.swift */ = {isa = PBXFileReference; lastKnownFileType = sourcecode.swift; path = FeedVC.swift; sourceTree = "<group>"; };
		267C91D726FEF127002CCD71 /* InterestsVC.swift */ = {isa = PBXFileReference; lastKnownFileType = sourcecode.swift; path = InterestsVC.swift; sourceTree = "<group>"; };
		267C91D926FEF251002CCD71 /* InterestClcCell.swift */ = {isa = PBXFileReference; lastKnownFileType = sourcecode.swift; path = InterestClcCell.swift; sourceTree = "<group>"; };
		267C91DC26FF385F002CCD71 /* PhotoVC.swift */ = {isa = PBXFileReference; lastKnownFileType = sourcecode.swift; path = PhotoVC.swift; sourceTree = "<group>"; };
		267C91DE26FF40EA002CCD71 /* CoupleCareTabBar.storyboard */ = {isa = PBXFileReference; lastKnownFileType = file.storyboard; path = CoupleCareTabBar.storyboard; sourceTree = "<group>"; };
		267C91E026FF4249002CCD71 /* LikesTopPick.storyboard */ = {isa = PBXFileReference; lastKnownFileType = file.storyboard; path = LikesTopPick.storyboard; sourceTree = "<group>"; };
		267C91E326FF452B002CCD71 /* LoginVC.swift */ = {isa = PBXFileReference; lastKnownFileType = sourcecode.swift; path = LoginVC.swift; sourceTree = "<group>"; };
		267C91E526FF4647002CCD71 /* Extension.swift */ = {isa = PBXFileReference; fileEncoding = 4; lastKnownFileType = sourcecode.swift; path = Extension.swift; sourceTree = "<group>"; };
		267C91E726FF4651002CCD71 /* UtilityManager.swift */ = {isa = PBXFileReference; fileEncoding = 4; lastKnownFileType = sourcecode.swift; path = UtilityManager.swift; sourceTree = "<group>"; };
		267C91EA26FF4724002CCD71 /* CoupleCaresTabbar.swift */ = {isa = PBXFileReference; lastKnownFileType = sourcecode.swift; path = CoupleCaresTabbar.swift; sourceTree = "<group>"; };
		267C91ED26FF4AF7002CCD71 /* LikesTopPickVC.swift */ = {isa = PBXFileReference; lastKnownFileType = sourcecode.swift; path = LikesTopPickVC.swift; sourceTree = "<group>"; };
		269FE5AF26FE388A00C92CE5 /* CoupleCares.app */ = {isa = PBXFileReference; explicitFileType = wrapper.application; includeInIndex = 0; path = CoupleCares.app; sourceTree = BUILT_PRODUCTS_DIR; };
		269FE5B226FE388A00C92CE5 /* AppDelegate.swift */ = {isa = PBXFileReference; lastKnownFileType = sourcecode.swift; path = AppDelegate.swift; sourceTree = "<group>"; };
		269FE5B426FE388A00C92CE5 /* SceneDelegate.swift */ = {isa = PBXFileReference; lastKnownFileType = sourcecode.swift; path = SceneDelegate.swift; sourceTree = "<group>"; };
		269FE5B626FE388A00C92CE5 /* ViewController.swift */ = {isa = PBXFileReference; lastKnownFileType = sourcecode.swift; path = ViewController.swift; sourceTree = "<group>"; };
		269FE5B926FE388A00C92CE5 /* Base */ = {isa = PBXFileReference; lastKnownFileType = file.storyboard; name = Base; path = Base.lproj/Main.storyboard; sourceTree = "<group>"; };
		269FE5BC26FE388A00C92CE5 /* CoupleCares.xcdatamodel */ = {isa = PBXFileReference; lastKnownFileType = wrapper.xcdatamodel; path = CoupleCares.xcdatamodel; sourceTree = "<group>"; };
		269FE5BE26FE388E00C92CE5 /* Assets.xcassets */ = {isa = PBXFileReference; lastKnownFileType = folder.assetcatalog; path = Assets.xcassets; sourceTree = "<group>"; };
		269FE5C126FE388E00C92CE5 /* Base */ = {isa = PBXFileReference; lastKnownFileType = file.storyboard; name = Base; path = Base.lproj/LaunchScreen.storyboard; sourceTree = "<group>"; };
		269FE5C326FE388E00C92CE5 /* Info.plist */ = {isa = PBXFileReference; lastKnownFileType = text.plist.xml; path = Info.plist; sourceTree = "<group>"; };
		269FE5CA26FE3CCD00C92CE5 /* Lato-HeavyItalic.ttf */ = {isa = PBXFileReference; lastKnownFileType = file; path = "Lato-HeavyItalic.ttf"; sourceTree = "<group>"; };
		269FE5CB26FE3CCD00C92CE5 /* Lato-Black.ttf */ = {isa = PBXFileReference; lastKnownFileType = file; path = "Lato-Black.ttf"; sourceTree = "<group>"; };
		269FE5CC26FE3CCD00C92CE5 /* Lato-HairlineItalic.ttf */ = {isa = PBXFileReference; lastKnownFileType = file; path = "Lato-HairlineItalic.ttf"; sourceTree = "<group>"; };
		269FE5CD26FE3CCD00C92CE5 /* Lato-SemiboldItalic.ttf */ = {isa = PBXFileReference; lastKnownFileType = file; path = "Lato-SemiboldItalic.ttf"; sourceTree = "<group>"; };
		269FE5CE26FE3CCD00C92CE5 /* Lato-Light.ttf */ = {isa = PBXFileReference; lastKnownFileType = file; path = "Lato-Light.ttf"; sourceTree = "<group>"; };
		269FE5CF26FE3CCD00C92CE5 /* Lato-Heavy.ttf */ = {isa = PBXFileReference; lastKnownFileType = file; path = "Lato-Heavy.ttf"; sourceTree = "<group>"; };
		269FE5D026FE3CCD00C92CE5 /* Lato-Hairline.ttf */ = {isa = PBXFileReference; lastKnownFileType = file; path = "Lato-Hairline.ttf"; sourceTree = "<group>"; };
		269FE5D126FE3CCD00C92CE5 /* Lato-Thin.ttf */ = {isa = PBXFileReference; lastKnownFileType = file; path = "Lato-Thin.ttf"; sourceTree = "<group>"; };
		269FE5D226FE3CCD00C92CE5 /* Lato-Bold.ttf */ = {isa = PBXFileReference; lastKnownFileType = file; path = "Lato-Bold.ttf"; sourceTree = "<group>"; };
		269FE5D326FE3CCD00C92CE5 /* Lato-BlackItalic.ttf */ = {isa = PBXFileReference; lastKnownFileType = file; path = "Lato-BlackItalic.ttf"; sourceTree = "<group>"; };
		269FE5D426FE3CCD00C92CE5 /* Lato-LightItalic.ttf */ = {isa = PBXFileReference; lastKnownFileType = file; path = "Lato-LightItalic.ttf"; sourceTree = "<group>"; };
		269FE5D526FE3CCE00C92CE5 /* Lato-Medium.ttf */ = {isa = PBXFileReference; lastKnownFileType = file; path = "Lato-Medium.ttf"; sourceTree = "<group>"; };
		269FE5D626FE3CCE00C92CE5 /* Lato-Semibold.ttf */ = {isa = PBXFileReference; lastKnownFileType = file; path = "Lato-Semibold.ttf"; sourceTree = "<group>"; };
		269FE5D726FE3CCE00C92CE5 /* Lato-Italic.ttf */ = {isa = PBXFileReference; lastKnownFileType = file; path = "Lato-Italic.ttf"; sourceTree = "<group>"; };
		269FE5D826FE3CCE00C92CE5 /* Lato-BoldItalic.ttf */ = {isa = PBXFileReference; lastKnownFileType = file; path = "Lato-BoldItalic.ttf"; sourceTree = "<group>"; };
		269FE5D926FE3CCE00C92CE5 /* Lato-ThinItalic.ttf */ = {isa = PBXFileReference; lastKnownFileType = file; path = "Lato-ThinItalic.ttf"; sourceTree = "<group>"; };
		269FE5DA26FE3CCE00C92CE5 /* Lato-MediumItalic.ttf */ = {isa = PBXFileReference; lastKnownFileType = file; path = "Lato-MediumItalic.ttf"; sourceTree = "<group>"; };
		269FE5DB26FE3CCE00C92CE5 /* Lato-Regular.ttf */ = {isa = PBXFileReference; lastKnownFileType = file; path = "Lato-Regular.ttf"; sourceTree = "<group>"; };
		269FE5F026FE478300C92CE5 /* ImageCustom.swift */ = {isa = PBXFileReference; fileEncoding = 4; lastKnownFileType = sourcecode.swift; path = ImageCustom.swift; sourceTree = "<group>"; };
		269FE5F126FE478300C92CE5 /* ViewCustom.swift */ = {isa = PBXFileReference; fileEncoding = 4; lastKnownFileType = sourcecode.swift; path = ViewCustom.swift; sourceTree = "<group>"; };
		269FE5F226FE478300C92CE5 /* LabelCustom.swift */ = {isa = PBXFileReference; fileEncoding = 4; lastKnownFileType = sourcecode.swift; path = LabelCustom.swift; sourceTree = "<group>"; };
		269FE5F326FE478300C92CE5 /* DownloadCircularProgessView.swift */ = {isa = PBXFileReference; fileEncoding = 4; lastKnownFileType = sourcecode.swift; path = DownloadCircularProgessView.swift; sourceTree = "<group>"; };
		269FE5F426FE478300C92CE5 /* TextFieldCustom.swift */ = {isa = PBXFileReference; fileEncoding = 4; lastKnownFileType = sourcecode.swift; path = TextFieldCustom.swift; sourceTree = "<group>"; };
		269FE5F526FE478300C92CE5 /* CustomPageControlView.swift */ = {isa = PBXFileReference; fileEncoding = 4; lastKnownFileType = sourcecode.swift; path = CustomPageControlView.swift; sourceTree = "<group>"; };
		269FE5F626FE478300C92CE5 /* ButtonCustom.swift */ = {isa = PBXFileReference; fileEncoding = 4; lastKnownFileType = sourcecode.swift; path = ButtonCustom.swift; sourceTree = "<group>"; };
		2D6EE95D85E39F7B93A97506 /* Pods_CoupleCares.framework */ = {isa = PBXFileReference; explicitFileType = wrapper.framework; includeInIndex = 0; path = Pods_CoupleCares.framework; sourceTree = BUILT_PRODUCTS_DIR; };
		808D78EDF73CE570AE7FE537 /* Pods-CoupleCares.release.xcconfig */ = {isa = PBXFileReference; includeInIndex = 1; lastKnownFileType = text.xcconfig; name = "Pods-CoupleCares.release.xcconfig"; path = "Target Support Files/Pods-CoupleCares/Pods-CoupleCares.release.xcconfig"; sourceTree = "<group>"; };
		C3FBDE47D6379E4C78C2968F /* Pods-CoupleCares.debug.xcconfig */ = {isa = PBXFileReference; includeInIndex = 1; lastKnownFileType = text.xcconfig; name = "Pods-CoupleCares.debug.xcconfig"; path = "Target Support Files/Pods-CoupleCares/Pods-CoupleCares.debug.xcconfig"; sourceTree = "<group>"; };
/* End PBXFileReference section */

/* Begin PBXFrameworksBuildPhase section */
		269FE5AC26FE388A00C92CE5 /* Frameworks */ = {
			isa = PBXFrameworksBuildPhase;
			buildActionMask = 2147483647;
			files = (
				FA8EEB129BCA610443D4EEE3 /* Pods_CoupleCares.framework in Frameworks */,
			);
			runOnlyForDeploymentPostprocessing = 0;
		};
/* End PBXFrameworksBuildPhase section */

/* Begin PBXGroup section */
		036CA6B361C3B75255EC4A9E /* Pods */ = {
			isa = PBXGroup;
			children = (
				C3FBDE47D6379E4C78C2968F /* Pods-CoupleCares.debug.xcconfig */,
				808D78EDF73CE570AE7FE537 /* Pods-CoupleCares.release.xcconfig */,
			);
			path = Pods;
			sourceTree = "<group>";
		};
		263B95042700D4780082D41A /* Home */ = {
			isa = PBXGroup;
			children = (
				263B95052700D48A0082D41A /* HomeVC.swift */,
			);
			path = Home;
			sourceTree = "<group>";
		};
		263B95072700D5150082D41A /* TinderCard */ = {
			isa = PBXGroup;
			children = (
				263B95082700D5150082D41A /* TinderCardContentView.swift */,
				263B95092700D5150082D41A /* TinderCardModel.swift */,
				263B950A2700D5150082D41A /* TinderCardFooterView.swift */,
				263B950B2700D5150082D41A /* TinderCardOverlay.swift */,
			);
			path = TinderCard;
			sourceTree = "<group>";
		};
		266D97C127008307001E45A1 /* Messages */ = {
			isa = PBXGroup;
			children = (
				266D97C227008325001E45A1 /* MessageListVC.swift */,
				266D97C4270090AE001E45A1 /* ChatVC.swift */,
			);
			path = Messages;
			sourceTree = "<group>";
		};
		266D97D42700BD7B001E45A1 /* Feeds */ = {
			isa = PBXGroup;
			children = (
				266D97D52700BD90001E45A1 /* FeedVC.swift */,
			);
			path = Feeds;
			sourceTree = "<group>";
		};
		267C91D226FEEAD1002CCD71 /* Storyboard */ = {
			isa = PBXGroup;
			children = (
				269FE5B826FE388A00C92CE5 /* Main.storyboard */,
				267C91DE26FF40EA002CCD71 /* CoupleCareTabBar.storyboard */,
				267C91E026FF4249002CCD71 /* LikesTopPick.storyboard */,
				266D97BF27008032001E45A1 /* Message.storyboard */,
				266D97D22700A58C001E45A1 /* Feed.storyboard */,
				263B95022700CE750082D41A /* Home.storyboard */,
			);
			path = Storyboard;
			sourceTree = "<group>";
		};
		267C91D326FEF0FB002CCD71 /* MVVM */ = {
			isa = PBXGroup;
			children = (
				267C91D626FEF111002CCD71 /* Model */,
				267C91D526FEF10C002CCD71 /* View */,
				267C91D426FEF105002CCD71 /* ViewModel */,
			);
			path = MVVM;
			sourceTree = "<group>";
		};
		267C91D426FEF105002CCD71 /* ViewModel */ = {
			isa = PBXGroup;
			children = (
			);
			path = ViewModel;
			sourceTree = "<group>";
		};
		267C91D526FEF10C002CCD71 /* View */ = {
			isa = PBXGroup;
			children = (
				267C91E926FF4707002CCD71 /* Tabbar */,
				267C91E226FF44E0002CCD71 /* User */,
			);
			path = View;
			sourceTree = "<group>";
		};
		267C91D626FEF111002CCD71 /* Model */ = {
			isa = PBXGroup;
			children = (
			);
			path = Model;
			sourceTree = "<group>";
		};
		267C91DB26FF3836002CCD71 /* ClcCell */ = {
			isa = PBXGroup;
			children = (
				267C91D926FEF251002CCD71 /* InterestClcCell.swift */,
			);
			path = ClcCell;
			sourceTree = "<group>";
		};
		267C91E226FF44E0002CCD71 /* User */ = {
			isa = PBXGroup;
			children = (
				267C91D726FEF127002CCD71 /* InterestsVC.swift */,
				267C91DC26FF385F002CCD71 /* PhotoVC.swift */,
				267C91E326FF452B002CCD71 /* LoginVC.swift */,
				267C91DB26FF3836002CCD71 /* ClcCell */,
			);
			path = User;
			sourceTree = "<group>";
		};
		267C91E926FF4707002CCD71 /* Tabbar */ = {
			isa = PBXGroup;
			children = (
				267C91EA26FF4724002CCD71 /* CoupleCaresTabbar.swift */,
				263B95042700D4780082D41A /* Home */,
				266D97D42700BD7B001E45A1 /* Feeds */,
				266D97C127008307001E45A1 /* Messages */,
				267C91EC26FF4AE0002CCD71 /* LikesTopPicks */,
			);
			path = Tabbar;
			sourceTree = "<group>";
		};
		267C91EC26FF4AE0002CCD71 /* LikesTopPicks */ = {
			isa = PBXGroup;
			children = (
				267C91ED26FF4AF7002CCD71 /* LikesTopPickVC.swift */,
			);
			path = LikesTopPicks;
			sourceTree = "<group>";
		};
		269FE5A626FE388A00C92CE5 = {
			isa = PBXGroup;
			children = (
				269FE5B126FE388A00C92CE5 /* CoupleCares */,
				269FE5B026FE388A00C92CE5 /* Products */,
				036CA6B361C3B75255EC4A9E /* Pods */,
				46516565B970753CC22D25AF /* Frameworks */,
			);
			sourceTree = "<group>";
		};
		269FE5B026FE388A00C92CE5 /* Products */ = {
			isa = PBXGroup;
			children = (
				269FE5AF26FE388A00C92CE5 /* CoupleCares.app */,
			);
			name = Products;
			sourceTree = "<group>";
		};
		269FE5B126FE388A00C92CE5 /* CoupleCares */ = {
			isa = PBXGroup;
			children = (
				269FE5B226FE388A00C92CE5 /* AppDelegate.swift */,
				269FE5B426FE388A00C92CE5 /* SceneDelegate.swift */,
				269FE5B626FE388A00C92CE5 /* ViewController.swift */,
				267C91D326FEF0FB002CCD71 /* MVVM */,
				267C91D226FEEAD1002CCD71 /* Storyboard */,
				269FE5EF26FE478200C92CE5 /* Custom View Class */,
				269FE5EE26FE432E00C92CE5 /* Utility */,
				269FE5C926FE3CB800C92CE5 /* Resources */,
				269FE5BE26FE388E00C92CE5 /* Assets.xcassets */,
				269FE5C026FE388E00C92CE5 /* LaunchScreen.storyboard */,
				269FE5C326FE388E00C92CE5 /* Info.plist */,
				269FE5BB26FE388A00C92CE5 /* CoupleCares.xcdatamodeld */,
			);
			path = CoupleCares;
			sourceTree = "<group>";
		};
		269FE5C926FE3CB800C92CE5 /* Resources */ = {
			isa = PBXGroup;
			children = (
				269FE5CB26FE3CCD00C92CE5 /* Lato-Black.ttf */,
				269FE5D326FE3CCD00C92CE5 /* Lato-BlackItalic.ttf */,
				269FE5D226FE3CCD00C92CE5 /* Lato-Bold.ttf */,
				269FE5D826FE3CCE00C92CE5 /* Lato-BoldItalic.ttf */,
				269FE5D026FE3CCD00C92CE5 /* Lato-Hairline.ttf */,
				269FE5CC26FE3CCD00C92CE5 /* Lato-HairlineItalic.ttf */,
				269FE5CF26FE3CCD00C92CE5 /* Lato-Heavy.ttf */,
				269FE5CA26FE3CCD00C92CE5 /* Lato-HeavyItalic.ttf */,
				269FE5D726FE3CCE00C92CE5 /* Lato-Italic.ttf */,
				269FE5CE26FE3CCD00C92CE5 /* Lato-Light.ttf */,
				269FE5D426FE3CCD00C92CE5 /* Lato-LightItalic.ttf */,
				269FE5D526FE3CCE00C92CE5 /* Lato-Medium.ttf */,
				269FE5DA26FE3CCE00C92CE5 /* Lato-MediumItalic.ttf */,
				269FE5DB26FE3CCE00C92CE5 /* Lato-Regular.ttf */,
				269FE5D626FE3CCE00C92CE5 /* Lato-Semibold.ttf */,
				269FE5CD26FE3CCD00C92CE5 /* Lato-SemiboldItalic.ttf */,
				269FE5D126FE3CCD00C92CE5 /* Lato-Thin.ttf */,
				269FE5D926FE3CCE00C92CE5 /* Lato-ThinItalic.ttf */,
			);
			path = Resources;
			sourceTree = "<group>";
		};
		269FE5EE26FE432E00C92CE5 /* Utility */ = {
			isa = PBXGroup;
			children = (
				263B95072700D5150082D41A /* TinderCard */,
				267C91E526FF4647002CCD71 /* Extension.swift */,
				267C91E726FF4651002CCD71 /* UtilityManager.swift */,
			);
			path = Utility;
			sourceTree = "<group>";
		};
		269FE5EF26FE478200C92CE5 /* Custom View Class */ = {
			isa = PBXGroup;
			children = (
				269FE5F026FE478300C92CE5 /* ImageCustom.swift */,
				269FE5F126FE478300C92CE5 /* ViewCustom.swift */,
				269FE5F226FE478300C92CE5 /* LabelCustom.swift */,
				269FE5F326FE478300C92CE5 /* DownloadCircularProgessView.swift */,
				269FE5F426FE478300C92CE5 /* TextFieldCustom.swift */,
				269FE5F526FE478300C92CE5 /* CustomPageControlView.swift */,
				269FE5F626FE478300C92CE5 /* ButtonCustom.swift */,
			);
			path = "Custom View Class";
			sourceTree = "<group>";
		};
		46516565B970753CC22D25AF /* Frameworks */ = {
			isa = PBXGroup;
			children = (
				2D6EE95D85E39F7B93A97506 /* Pods_CoupleCares.framework */,
			);
			name = Frameworks;
			sourceTree = "<group>";
		};
/* End PBXGroup section */

/* Begin PBXNativeTarget section */
		269FE5AE26FE388A00C92CE5 /* CoupleCares */ = {
			isa = PBXNativeTarget;
			buildConfigurationList = 269FE5C626FE388E00C92CE5 /* Build configuration list for PBXNativeTarget "CoupleCares" */;
			buildPhases = (
				1E047D2C5DB92331BE67EBC6 /* [CP] Check Pods Manifest.lock */,
				269FE5AB26FE388A00C92CE5 /* Sources */,
				269FE5AC26FE388A00C92CE5 /* Frameworks */,
				269FE5AD26FE388A00C92CE5 /* Resources */,
				7E59CFFF5AAC73B4C7A13BD2 /* [CP] Embed Pods Frameworks */,
			);
			buildRules = (
			);
			dependencies = (
			);
			name = CoupleCares;
			productName = CoupleCares;
			productReference = 269FE5AF26FE388A00C92CE5 /* CoupleCares.app */;
			productType = "com.apple.product-type.application";
		};
/* End PBXNativeTarget section */

/* Begin PBXProject section */
		269FE5A726FE388A00C92CE5 /* Project object */ = {
			isa = PBXProject;
			attributes = {
				BuildIndependentTargetsInParallel = 1;
				LastSwiftUpdateCheck = 1300;
				LastUpgradeCheck = 1300;
				TargetAttributes = {
					269FE5AE26FE388A00C92CE5 = {
						CreatedOnToolsVersion = 13.0;
					};
				};
			};
			buildConfigurationList = 269FE5AA26FE388A00C92CE5 /* Build configuration list for PBXProject "CoupleCares" */;
			compatibilityVersion = "Xcode 13.0";
			developmentRegion = en;
			hasScannedForEncodings = 0;
			knownRegions = (
				en,
				Base,
			);
			mainGroup = 269FE5A626FE388A00C92CE5;
			productRefGroup = 269FE5B026FE388A00C92CE5 /* Products */;
			projectDirPath = "";
			projectRoot = "";
			targets = (
				269FE5AE26FE388A00C92CE5 /* CoupleCares */,
			);
		};
/* End PBXProject section */

/* Begin PBXResourcesBuildPhase section */
		269FE5AD26FE388A00C92CE5 /* Resources */ = {
			isa = PBXResourcesBuildPhase;
			buildActionMask = 2147483647;
			files = (
				269FE5DC26FE3CCE00C92CE5 /* Lato-HeavyItalic.ttf in Resources */,
				269FE5E926FE3CCE00C92CE5 /* Lato-Italic.ttf in Resources */,
				269FE5C226FE388E00C92CE5 /* LaunchScreen.storyboard in Resources */,
				269FE5EA26FE3CCE00C92CE5 /* Lato-BoldItalic.ttf in Resources */,
				269FE5ED26FE3CCE00C92CE5 /* Lato-Regular.ttf in Resources */,
				269FE5DE26FE3CCE00C92CE5 /* Lato-HairlineItalic.ttf in Resources */,
				269FE5BF26FE388E00C92CE5 /* Assets.xcassets in Resources */,
				269FE5E326FE3CCE00C92CE5 /* Lato-Thin.ttf in Resources */,
				269FE5E526FE3CCE00C92CE5 /* Lato-BlackItalic.ttf in Resources */,
				269FE5EB26FE3CCE00C92CE5 /* Lato-ThinItalic.ttf in Resources */,
				267C91E126FF4249002CCD71 /* LikesTopPick.storyboard in Resources */,
				269FE5EC26FE3CCE00C92CE5 /* Lato-MediumItalic.ttf in Resources */,
				269FE5DD26FE3CCE00C92CE5 /* Lato-Black.ttf in Resources */,
				269FE5BA26FE388A00C92CE5 /* Main.storyboard in Resources */,
				269FE5E426FE3CCE00C92CE5 /* Lato-Bold.ttf in Resources */,
				263B95032700CE750082D41A /* Home.storyboard in Resources */,
				269FE5E826FE3CCE00C92CE5 /* Lato-Semibold.ttf in Resources */,
				267C91DF26FF40EA002CCD71 /* CoupleCareTabBar.storyboard in Resources */,
				269FE5E226FE3CCE00C92CE5 /* Lato-Hairline.ttf in Resources */,
				269FE5E726FE3CCE00C92CE5 /* Lato-Medium.ttf in Resources */,
				269FE5E126FE3CCE00C92CE5 /* Lato-Heavy.ttf in Resources */,
				266D97D32700A58C001E45A1 /* Feed.storyboard in Resources */,
				269FE5DF26FE3CCE00C92CE5 /* Lato-SemiboldItalic.ttf in Resources */,
				269FE5E026FE3CCE00C92CE5 /* Lato-Light.ttf in Resources */,
				266D97C027008032001E45A1 /* Message.storyboard in Resources */,
				269FE5E626FE3CCE00C92CE5 /* Lato-LightItalic.ttf in Resources */,
			);
			runOnlyForDeploymentPostprocessing = 0;
		};
/* End PBXResourcesBuildPhase section */

/* Begin PBXShellScriptBuildPhase section */
		1E047D2C5DB92331BE67EBC6 /* [CP] Check Pods Manifest.lock */ = {
			isa = PBXShellScriptBuildPhase;
			buildActionMask = 2147483647;
			files = (
			);
			inputFileListPaths = (
			);
			inputPaths = (
				"${PODS_PODFILE_DIR_PATH}/Podfile.lock",
				"${PODS_ROOT}/Manifest.lock",
			);
			name = "[CP] Check Pods Manifest.lock";
			outputFileListPaths = (
			);
			outputPaths = (
				"$(DERIVED_FILE_DIR)/Pods-CoupleCares-checkManifestLockResult.txt",
			);
			runOnlyForDeploymentPostprocessing = 0;
			shellPath = /bin/sh;
			shellScript = "diff \"${PODS_PODFILE_DIR_PATH}/Podfile.lock\" \"${PODS_ROOT}/Manifest.lock\" > /dev/null\nif [ $? != 0 ] ; then\n    # print error to STDERR\n    echo \"error: The sandbox is not in sync with the Podfile.lock. Run 'pod install' or update your CocoaPods installation.\" >&2\n    exit 1\nfi\n# This output is used by Xcode 'outputs' to avoid re-running this script phase.\necho \"SUCCESS\" > \"${SCRIPT_OUTPUT_FILE_0}\"\n";
			showEnvVarsInLog = 0;
		};
		7E59CFFF5AAC73B4C7A13BD2 /* [CP] Embed Pods Frameworks */ = {
			isa = PBXShellScriptBuildPhase;
			buildActionMask = 2147483647;
			files = (
			);
			inputFileListPaths = (
				"${PODS_ROOT}/Target Support Files/Pods-CoupleCares/Pods-CoupleCares-frameworks-${CONFIGURATION}-input-files.xcfilelist",
			);
			name = "[CP] Embed Pods Frameworks";
			outputFileListPaths = (
				"${PODS_ROOT}/Target Support Files/Pods-CoupleCares/Pods-CoupleCares-frameworks-${CONFIGURATION}-output-files.xcfilelist",
			);
			runOnlyForDeploymentPostprocessing = 0;
			shellPath = /bin/sh;
			shellScript = "\"${PODS_ROOT}/Target Support Files/Pods-CoupleCares/Pods-CoupleCares-frameworks.sh\"\n";
			showEnvVarsInLog = 0;
		};
/* End PBXShellScriptBuildPhase section */

/* Begin PBXSourcesBuildPhase section */
		269FE5AB26FE388A00C92CE5 /* Sources */ = {
			isa = PBXSourcesBuildPhase;
			buildActionMask = 2147483647;
			files = (
				269FE5B726FE388A00C92CE5 /* ViewController.swift in Sources */,
				269FE5B326FE388A00C92CE5 /* AppDelegate.swift in Sources */,
				266D97D62700BD90001E45A1 /* FeedVC.swift in Sources */,
				269FE5F926FE478300C92CE5 /* LabelCustom.swift in Sources */,
				267C91E826FF4651002CCD71 /* UtilityManager.swift in Sources */,
				266D97C327008325001E45A1 /* MessageListVC.swift in Sources */,
				267C91EB26FF4724002CCD71 /* CoupleCaresTabbar.swift in Sources */,
				263B950E2700D5150082D41A /* TinderCardFooterView.swift in Sources */,
				269FE5BD26FE388A00C92CE5 /* CoupleCares.xcdatamodeld in Sources */,
				269FE5F726FE478300C92CE5 /* ImageCustom.swift in Sources */,
				269FE5FA26FE478300C92CE5 /* DownloadCircularProgessView.swift in Sources */,
				267C91EE26FF4AF7002CCD71 /* LikesTopPickVC.swift in Sources */,
				267C91D826FEF127002CCD71 /* InterestsVC.swift in Sources */,
				263B950C2700D5150082D41A /* TinderCardContentView.swift in Sources */,
				267C91E626FF4647002CCD71 /* Extension.swift in Sources */,
				263B95062700D48A0082D41A /* HomeVC.swift in Sources */,
				269FE5FC26FE478300C92CE5 /* CustomPageControlView.swift in Sources */,
				269FE5FB26FE478300C92CE5 /* TextFieldCustom.swift in Sources */,
				269FE5B526FE388A00C92CE5 /* SceneDelegate.swift in Sources */,
				266D97C5270090AE001E45A1 /* ChatVC.swift in Sources */,
				269FE5FD26FE478300C92CE5 /* ButtonCustom.swift in Sources */,
				263B950D2700D5150082D41A /* TinderCardModel.swift in Sources */,
				263B950F2700D5150082D41A /* TinderCardOverlay.swift in Sources */,
				269FE5F826FE478300C92CE5 /* ViewCustom.swift in Sources */,
				267C91DA26FEF251002CCD71 /* InterestClcCell.swift in Sources */,
				267C91DD26FF385F002CCD71 /* PhotoVC.swift in Sources */,
				267C91E426FF452B002CCD71 /* LoginVC.swift in Sources */,
			);
			runOnlyForDeploymentPostprocessing = 0;
		};
/* End PBXSourcesBuildPhase section */

/* Begin PBXVariantGroup section */
		269FE5B826FE388A00C92CE5 /* Main.storyboard */ = {
			isa = PBXVariantGroup;
			children = (
				269FE5B926FE388A00C92CE5 /* Base */,
			);
			name = Main.storyboard;
			sourceTree = "<group>";
		};
		269FE5C026FE388E00C92CE5 /* LaunchScreen.storyboard */ = {
			isa = PBXVariantGroup;
			children = (
				269FE5C126FE388E00C92CE5 /* Base */,
			);
			name = LaunchScreen.storyboard;
			sourceTree = "<group>";
		};
/* End PBXVariantGroup section */

/* Begin XCBuildConfiguration section */
		269FE5C426FE388E00C92CE5 /* Debug */ = {
			isa = XCBuildConfiguration;
			buildSettings = {
				ALWAYS_SEARCH_USER_PATHS = NO;
				CLANG_ANALYZER_NONNULL = YES;
				CLANG_ANALYZER_NUMBER_OBJECT_CONVERSION = YES_AGGRESSIVE;
				CLANG_CXX_LANGUAGE_STANDARD = "gnu++17";
				CLANG_CXX_LIBRARY = "libc++";
				CLANG_ENABLE_MODULES = YES;
				CLANG_ENABLE_OBJC_ARC = YES;
				CLANG_ENABLE_OBJC_WEAK = YES;
				CLANG_WARN_BLOCK_CAPTURE_AUTORELEASING = YES;
				CLANG_WARN_BOOL_CONVERSION = YES;
				CLANG_WARN_COMMA = YES;
				CLANG_WARN_CONSTANT_CONVERSION = YES;
				CLANG_WARN_DEPRECATED_OBJC_IMPLEMENTATIONS = YES;
				CLANG_WARN_DIRECT_OBJC_ISA_USAGE = YES_ERROR;
				CLANG_WARN_DOCUMENTATION_COMMENTS = YES;
				CLANG_WARN_EMPTY_BODY = YES;
				CLANG_WARN_ENUM_CONVERSION = YES;
				CLANG_WARN_INFINITE_RECURSION = YES;
				CLANG_WARN_INT_CONVERSION = YES;
				CLANG_WARN_NON_LITERAL_NULL_CONVERSION = YES;
				CLANG_WARN_OBJC_IMPLICIT_RETAIN_SELF = YES;
				CLANG_WARN_OBJC_LITERAL_CONVERSION = YES;
				CLANG_WARN_OBJC_ROOT_CLASS = YES_ERROR;
				CLANG_WARN_QUOTED_INCLUDE_IN_FRAMEWORK_HEADER = YES;
				CLANG_WARN_RANGE_LOOP_ANALYSIS = YES;
				CLANG_WARN_STRICT_PROTOTYPES = YES;
				CLANG_WARN_SUSPICIOUS_MOVE = YES;
				CLANG_WARN_UNGUARDED_AVAILABILITY = YES_AGGRESSIVE;
				CLANG_WARN_UNREACHABLE_CODE = YES;
				CLANG_WARN__DUPLICATE_METHOD_MATCH = YES;
				COPY_PHASE_STRIP = NO;
				DEBUG_INFORMATION_FORMAT = dwarf;
				ENABLE_STRICT_OBJC_MSGSEND = YES;
				ENABLE_TESTABILITY = YES;
				GCC_C_LANGUAGE_STANDARD = gnu11;
				GCC_DYNAMIC_NO_PIC = NO;
				GCC_NO_COMMON_BLOCKS = YES;
				GCC_OPTIMIZATION_LEVEL = 0;
				GCC_PREPROCESSOR_DEFINITIONS = (
					"DEBUG=1",
					"$(inherited)",
				);
				GCC_WARN_64_TO_32_BIT_CONVERSION = YES;
				GCC_WARN_ABOUT_RETURN_TYPE = YES_ERROR;
				GCC_WARN_UNDECLARED_SELECTOR = YES;
				GCC_WARN_UNINITIALIZED_AUTOS = YES_AGGRESSIVE;
				GCC_WARN_UNUSED_FUNCTION = YES;
				GCC_WARN_UNUSED_VARIABLE = YES;
				IPHONEOS_DEPLOYMENT_TARGET = 15.0;
				MTL_ENABLE_DEBUG_INFO = INCLUDE_SOURCE;
				MTL_FAST_MATH = YES;
				ONLY_ACTIVE_ARCH = YES;
				SDKROOT = iphoneos;
				SWIFT_ACTIVE_COMPILATION_CONDITIONS = DEBUG;
				SWIFT_OPTIMIZATION_LEVEL = "-Onone";
			};
			name = Debug;
		};
		269FE5C526FE388E00C92CE5 /* Release */ = {
			isa = XCBuildConfiguration;
			buildSettings = {
				ALWAYS_SEARCH_USER_PATHS = NO;
				CLANG_ANALYZER_NONNULL = YES;
				CLANG_ANALYZER_NUMBER_OBJECT_CONVERSION = YES_AGGRESSIVE;
				CLANG_CXX_LANGUAGE_STANDARD = "gnu++17";
				CLANG_CXX_LIBRARY = "libc++";
				CLANG_ENABLE_MODULES = YES;
				CLANG_ENABLE_OBJC_ARC = YES;
				CLANG_ENABLE_OBJC_WEAK = YES;
				CLANG_WARN_BLOCK_CAPTURE_AUTORELEASING = YES;
				CLANG_WARN_BOOL_CONVERSION = YES;
				CLANG_WARN_COMMA = YES;
				CLANG_WARN_CONSTANT_CONVERSION = YES;
				CLANG_WARN_DEPRECATED_OBJC_IMPLEMENTATIONS = YES;
				CLANG_WARN_DIRECT_OBJC_ISA_USAGE = YES_ERROR;
				CLANG_WARN_DOCUMENTATION_COMMENTS = YES;
				CLANG_WARN_EMPTY_BODY = YES;
				CLANG_WARN_ENUM_CONVERSION = YES;
				CLANG_WARN_INFINITE_RECURSION = YES;
				CLANG_WARN_INT_CONVERSION = YES;
				CLANG_WARN_NON_LITERAL_NULL_CONVERSION = YES;
				CLANG_WARN_OBJC_IMPLICIT_RETAIN_SELF = YES;
				CLANG_WARN_OBJC_LITERAL_CONVERSION = YES;
				CLANG_WARN_OBJC_ROOT_CLASS = YES_ERROR;
				CLANG_WARN_QUOTED_INCLUDE_IN_FRAMEWORK_HEADER = YES;
				CLANG_WARN_RANGE_LOOP_ANALYSIS = YES;
				CLANG_WARN_STRICT_PROTOTYPES = YES;
				CLANG_WARN_SUSPICIOUS_MOVE = YES;
				CLANG_WARN_UNGUARDED_AVAILABILITY = YES_AGGRESSIVE;
				CLANG_WARN_UNREACHABLE_CODE = YES;
				CLANG_WARN__DUPLICATE_METHOD_MATCH = YES;
				COPY_PHASE_STRIP = NO;
				DEBUG_INFORMATION_FORMAT = "dwarf-with-dsym";
				ENABLE_NS_ASSERTIONS = NO;
				ENABLE_STRICT_OBJC_MSGSEND = YES;
				GCC_C_LANGUAGE_STANDARD = gnu11;
				GCC_NO_COMMON_BLOCKS = YES;
				GCC_WARN_64_TO_32_BIT_CONVERSION = YES;
				GCC_WARN_ABOUT_RETURN_TYPE = YES_ERROR;
				GCC_WARN_UNDECLARED_SELECTOR = YES;
				GCC_WARN_UNINITIALIZED_AUTOS = YES_AGGRESSIVE;
				GCC_WARN_UNUSED_FUNCTION = YES;
				GCC_WARN_UNUSED_VARIABLE = YES;
				IPHONEOS_DEPLOYMENT_TARGET = 15.0;
				MTL_ENABLE_DEBUG_INFO = NO;
				MTL_FAST_MATH = YES;
				SDKROOT = iphoneos;
				SWIFT_COMPILATION_MODE = wholemodule;
				SWIFT_OPTIMIZATION_LEVEL = "-O";
				VALIDATE_PRODUCT = YES;
			};
			name = Release;
		};
		269FE5C726FE388E00C92CE5 /* Debug */ = {
			isa = XCBuildConfiguration;
			baseConfigurationReference = C3FBDE47D6379E4C78C2968F /* Pods-CoupleCares.debug.xcconfig */;
			buildSettings = {
				ASSETCATALOG_COMPILER_APPICON_NAME = AppIcon;
				ASSETCATALOG_COMPILER_GLOBAL_ACCENT_COLOR_NAME = AccentColor;
				CODE_SIGN_STYLE = Automatic;
				CURRENT_PROJECT_VERSION = 1;
				GENERATE_INFOPLIST_FILE = YES;
				INFOPLIST_FILE = CoupleCares/Info.plist;
				INFOPLIST_KEY_UIApplicationSupportsIndirectInputEvents = YES;
				INFOPLIST_KEY_UILaunchStoryboardName = LaunchScreen;
				INFOPLIST_KEY_UIMainStoryboardFile = Main;
				INFOPLIST_KEY_UISupportedInterfaceOrientations_iPad = "UIInterfaceOrientationPortrait UIInterfaceOrientationPortraitUpsideDown UIInterfaceOrientationLandscapeLeft UIInterfaceOrientationLandscapeRight";
				INFOPLIST_KEY_UISupportedInterfaceOrientations_iPhone = "UIInterfaceOrientationPortrait UIInterfaceOrientationLandscapeLeft UIInterfaceOrientationLandscapeRight";
				IPHONEOS_DEPLOYMENT_TARGET = 13.0;
				LD_RUNPATH_SEARCH_PATHS = (
					"$(inherited)",
					"@executable_path/Frameworks",
				);
				MARKETING_VERSION = 1.0;
				PRODUCT_BUNDLE_IDENTIFIER = com.surinder.CoupleCares;
				PRODUCT_NAME = "$(TARGET_NAME)";
				SWIFT_EMIT_LOC_STRINGS = YES;
				SWIFT_VERSION = 5.0;
				TARGETED_DEVICE_FAMILY = 1;
			};
			name = Debug;
		};
		269FE5C826FE388E00C92CE5 /* Release */ = {
			isa = XCBuildConfiguration;
			baseConfigurationReference = 808D78EDF73CE570AE7FE537 /* Pods-CoupleCares.release.xcconfig */;
			buildSettings = {
				ASSETCATALOG_COMPILER_APPICON_NAME = AppIcon;
				ASSETCATALOG_COMPILER_GLOBAL_ACCENT_COLOR_NAME = AccentColor;
				CODE_SIGN_STYLE = Automatic;
				CURRENT_PROJECT_VERSION = 1;
				GENERATE_INFOPLIST_FILE = YES;
				INFOPLIST_FILE = CoupleCares/Info.plist;
				INFOPLIST_KEY_UIApplicationSupportsIndirectInputEvents = YES;
				INFOPLIST_KEY_UILaunchStoryboardName = LaunchScreen;
				INFOPLIST_KEY_UIMainStoryboardFile = Main;
				INFOPLIST_KEY_UISupportedInterfaceOrientations_iPad = "UIInterfaceOrientationPortrait UIInterfaceOrientationPortraitUpsideDown UIInterfaceOrientationLandscapeLeft UIInterfaceOrientationLandscapeRight";
				INFOPLIST_KEY_UISupportedInterfaceOrientations_iPhone = "UIInterfaceOrientationPortrait UIInterfaceOrientationLandscapeLeft UIInterfaceOrientationLandscapeRight";
				IPHONEOS_DEPLOYMENT_TARGET = 13.0;
				LD_RUNPATH_SEARCH_PATHS = (
					"$(inherited)",
					"@executable_path/Frameworks",
				);
				MARKETING_VERSION = 1.0;
				PRODUCT_BUNDLE_IDENTIFIER = com.surinder.CoupleCares;
				PRODUCT_NAME = "$(TARGET_NAME)";
				SWIFT_EMIT_LOC_STRINGS = YES;
				SWIFT_VERSION = 5.0;
				TARGETED_DEVICE_FAMILY = 1;
			};
			name = Release;
		};
/* End XCBuildConfiguration section */

/* Begin XCConfigurationList section */
		269FE5AA26FE388A00C92CE5 /* Build configuration list for PBXProject "CoupleCares" */ = {
			isa = XCConfigurationList;
			buildConfigurations = (
				269FE5C426FE388E00C92CE5 /* Debug */,
				269FE5C526FE388E00C92CE5 /* Release */,
			);
			defaultConfigurationIsVisible = 0;
			defaultConfigurationName = Release;
		};
		269FE5C626FE388E00C92CE5 /* Build configuration list for PBXNativeTarget "CoupleCares" */ = {
			isa = XCConfigurationList;
			buildConfigurations = (
				269FE5C726FE388E00C92CE5 /* Debug */,
				269FE5C826FE388E00C92CE5 /* Release */,
			);
			defaultConfigurationIsVisible = 0;
			defaultConfigurationName = Release;
		};
/* End XCConfigurationList section */

/* Begin XCVersionGroup section */
		269FE5BB26FE388A00C92CE5 /* CoupleCares.xcdatamodeld */ = {
			isa = XCVersionGroup;
			children = (
				269FE5BC26FE388A00C92CE5 /* CoupleCares.xcdatamodel */,
			);
			currentVersion = 269FE5BC26FE388A00C92CE5 /* CoupleCares.xcdatamodel */;
			path = CoupleCares.xcdatamodeld;
			sourceTree = "<group>";
			versionGroupType = wrapper.xcdatamodel;
		};
/* End XCVersionGroup section */
	};
	rootObject = 269FE5A726FE388A00C92CE5 /* Project object */;
}
